
Microsoft Visual Studio Solution File, Format Version 12.00
# Visual Studio 14
VisualStudioVersion = 14.0.25123.0
MinimumVisualStudioVersion = 10.0.40219.1
Project("{FAE04EC0-301F-11D3-BF4B-00C04F79EFBC}") = "OpenData.Common", "Common\OpenData.Common\OpenData.Common.csproj", "{2EAEF878-041B-4365-8CBF-0A7038B68468}"
EndProject
Project("{2150E333-8FDC-42A3-9474-1A3956D46DE8}") = "Common", "Common", "{C0D48C6B-3AB3-4921-8525-D6010FAF26BD}"
EndProject
Project("{2150E333-8FDC-42A3-9474-1A3956D46DE8}") = "Tests", "Tests", "{5312F628-CA1D-4280-9C47-CCF101137464}"
EndProject
Project("{2150E333-8FDC-42A3-9474-1A3956D46DE8}") = "Data", "Data", "{862C16E9-DF5E-4AF1-B72B-DB9214C9B885}"
EndProject
Project("{FAE04EC0-301F-11D3-BF4B-00C04F79EFBC}") = "OpenData.Data.Core", "Data\OpenData.Data.Core\OpenData.Data.Core.csproj", "{DD3DCA24-67FF-4555-A803-5D14335822F6}"
EndProject
Project("{FAE04EC0-301F-11D3-BF4B-00C04F79EFBC}") = "OpenData.Site.FrontPage", "Sites\OpenData.Site.FrontPage\OpenData.Site.FrontPage.csproj", "{3FBD08C9-75A9-4D8E-8F94-EB47FE2F70E2}"
EndProject
Project("{FAE04EC0-301F-11D3-BF4B-00C04F79EFBC}") = "OpenData.Data.Mongo", "Data\OpenData.Data.Monogo\OpenData.Data.Mongo.csproj", "{1278E968-E9F9-4C55-86B3-3C7045DC0E88}"
EndProject
Project("{FAE04EC0-301F-11D3-BF4B-00C04F79EFBC}") = "OpenData.Data.SQL", "Data\OpenData.Data.SQL\OpenData.Data.SQL.csproj", "{508B7EC2-DAE8-4EF5-BD0F-13539B189367}"
EndProject
Project("{2150E333-8FDC-42A3-9474-1A3956D46DE8}") = "Modules", "Modules", "{38308183-43B4-4353-981A-3BFECE982A7F}"
EndProject
Project("{FAE04EC0-301F-11D3-BF4B-00C04F79EFBC}") = "OpenData.Framework.Common", "Framework\OpenData.Framework.Common\OpenData.Framework.Common.csproj", "{B02AD5CF-B0CA-4123-AEF6-5D69B0EA7266}"
EndProject
Project("{FAE04EC0-301F-11D3-BF4B-00C04F79EFBC}") = "OpenData.Data.Default", "Data\OpenData.Data.File\OpenData.Data.Default.csproj", "{1F735B03-E2C3-43EE-8D30-DFF41B037E26}"
EndProject
Project("{2150E333-8FDC-42A3-9474-1A3956D46DE8}") = "Framework", "Framework", "{B8390689-26E6-46DE-9672-EAFADCD12B88}"
EndProject
Project("{FAE04EC0-301F-11D3-BF4B-00C04F79EFBC}") = "OpenData.Security.WeChat", "Modules\OpenData.Security.WeChat\OpenData.Security.WeChat.csproj", "{5FE33A48-0BFA-40B7-A2D6-2999B9F00417}"
EndProject
Project("{2150E333-8FDC-42A3-9474-1A3956D46DE8}") = "Sites", "Sites", "{E9CB29EC-FECB-4770-9113-8B4A8A0BC587}"
EndProject
Project("{FAE04EC0-301F-11D3-BF4B-00C04F79EFBC}") = "OpenData.Framework.Core", "Framework\OpenData.Framework.Core\OpenData.Framework.Core.csproj", "{F3281193-F250-4E79-840B-93B60B0992EE}"
EndProject
Project("{FAE04EC0-301F-11D3-BF4B-00C04F79EFBC}") = "DataTest", "Tests\DataTest\DataTest.csproj", "{A1A80CB2-5381-451D-9F66-5AC3AA4823CD}"
EndProject
Project("{2150E333-8FDC-42A3-9474-1A3956D46DE8}") = "Templates", "Templates", "{911B2485-3979-4927-9797-0AAB91A2B47F}"
EndProject
Project("{E24C65DC-7377-472B-9ABA-BC803B73C61A}") = "H5", "Temps\H5\", "{16801D1A-02F5-4B96-A769-C2D9F724C24D}"
	ProjectSection(WebsiteProperties) = preProject
		TargetFrameworkMoniker = ".NETFramework,Version%3Dv4.0"
		Debug.AspNetCompiler.VirtualPath = "/localhost_49659"
		Debug.AspNetCompiler.PhysicalPath = "Temps\H5\"
		Debug.AspNetCompiler.TargetPath = "PrecompiledWeb\localhost_49659\"
		Debug.AspNetCompiler.Updateable = "true"
		Debug.AspNetCompiler.ForceOverwrite = "true"
		Debug.AspNetCompiler.FixedNames = "false"
		Debug.AspNetCompiler.Debug = "True"
		Release.AspNetCompiler.VirtualPath = "/localhost_49659"
		Release.AspNetCompiler.PhysicalPath = "Temps\H5\"
		Release.AspNetCompiler.TargetPath = "PrecompiledWeb\localhost_49659\"
		Release.AspNetCompiler.Updateable = "true"
		Release.AspNetCompiler.ForceOverwrite = "true"
		Release.AspNetCompiler.FixedNames = "false"
		Release.AspNetCompiler.Debug = "False"
		VWDPort = "49659"
	EndProjectSection
	ProjectSection(WebsiteProperties) = preProject
		TargetFrameworkMoniker = ".NETFramework,Version%3Dv4.0"
		Debug.AspNetCompiler.VirtualPath = "/localhost_49659"
		Debug.AspNetCompiler.PhysicalPath = "Temps\H5\"
		Debug.AspNetCompiler.TargetPath = "PrecompiledWeb\localhost_49659\"
		Debug.AspNetCompiler.Updateable = "true"
		Debug.AspNetCompiler.ForceOverwrite = "true"
		Debug.AspNetCompiler.FixedNames = "false"
		Debug.AspNetCompiler.Debug = "True"
		Release.AspNetCompiler.VirtualPath = "/localhost_49659"
		Release.AspNetCompiler.PhysicalPath = "Temps\H5\"
		Release.AspNetCompiler.TargetPath = "PrecompiledWeb\localhost_49659\"
		Release.AspNetCompiler.Updateable = "true"
		Release.AspNetCompiler.ForceOverwrite = "true"
		Release.AspNetCompiler.FixedNames = "false"
		Release.AspNetCompiler.Debug = "False"
		VWDPort = "49659"
	EndProjectSection
EndProject
Project("{E24C65DC-7377-472B-9ABA-BC803B73C61A}") = "metronic.bootstrap", "Temps\metronic.bootstrap\", "{EB13C39A-CCE8-41CB-B9B2-83A10152B174}"
	ProjectSection(WebsiteProperties) = preProject
		TargetFrameworkMoniker = ".NETFramework,Version%3Dv4.0"
		Debug.AspNetCompiler.VirtualPath = "/localhost_49661"
		Debug.AspNetCompiler.PhysicalPath = "Temps\metronic.bootstrap\"
		Debug.AspNetCompiler.TargetPath = "PrecompiledWeb\localhost_49661\"
		Debug.AspNetCompiler.Updateable = "true"
		Debug.AspNetCompiler.ForceOverwrite = "true"
		Debug.AspNetCompiler.FixedNames = "false"
		Debug.AspNetCompiler.Debug = "True"
		Release.AspNetCompiler.VirtualPath = "/localhost_49661"
		Release.AspNetCompiler.PhysicalPath = "Temps\metronic.bootstrap\"
		Release.AspNetCompiler.TargetPath = "PrecompiledWeb\localhost_49661\"
		Release.AspNetCompiler.Updateable = "true"
		Release.AspNetCompiler.ForceOverwrite = "true"
		Release.AspNetCompiler.FixedNames = "false"
		Release.AspNetCompiler.Debug = "False"
		VWDPort = "49661"
	EndProjectSection
	ProjectSection(WebsiteProperties) = preProject
		TargetFrameworkMoniker = ".NETFramework,Version%3Dv4.0"
		Debug.AspNetCompiler.VirtualPath = "/localhost_49661"
		Debug.AspNetCompiler.PhysicalPath = "Temps\metronic.bootstrap\"
		Debug.AspNetCompiler.TargetPath = "PrecompiledWeb\localhost_49661\"
		Debug.AspNetCompiler.Updateable = "true"
		Debug.AspNetCompiler.ForceOverwrite = "true"
		Debug.AspNetCompiler.FixedNames = "false"
		Debug.AspNetCompiler.Debug = "True"
		Release.AspNetCompiler.VirtualPath = "/localhost_49661"
		Release.AspNetCompiler.PhysicalPath = "Temps\metronic.bootstrap\"
		Release.AspNetCompiler.TargetPath = "PrecompiledWeb\localhost_49661\"
		Release.AspNetCompiler.Updateable = "true"
		Release.AspNetCompiler.ForceOverwrite = "true"
		Release.AspNetCompiler.FixedNames = "false"
		Release.AspNetCompiler.Debug = "False"
		VWDPort = "49661"
	EndProjectSection
EndProject
Project("{E24C65DC-7377-472B-9ABA-BC803B73C61A}") = "MyWeb", "Temps\MyWeb\", "{AF57CAEB-33F1-4C91-820E-B576C868352E}"
	ProjectSection(WebsiteProperties) = preProject
		TargetFrameworkMoniker = ".NETFramework,Version%3Dv4.5"
		Debug.AspNetCompiler.VirtualPath = "/localhost_49662"
		Debug.AspNetCompiler.PhysicalPath = "Temps\MyWeb\"
		Debug.AspNetCompiler.TargetPath = "PrecompiledWeb\localhost_49662\"
		Debug.AspNetCompiler.Updateable = "true"
		Debug.AspNetCompiler.ForceOverwrite = "true"
		Debug.AspNetCompiler.FixedNames = "false"
		Debug.AspNetCompiler.Debug = "True"
		Release.AspNetCompiler.VirtualPath = "/localhost_49662"
		Release.AspNetCompiler.PhysicalPath = "Temps\MyWeb\"
		Release.AspNetCompiler.TargetPath = "PrecompiledWeb\localhost_49662\"
		Release.AspNetCompiler.Updateable = "true"
		Release.AspNetCompiler.ForceOverwrite = "true"
		Release.AspNetCompiler.FixedNames = "false"
		Release.AspNetCompiler.Debug = "False"
		VWDPort = "49662"
	EndProjectSection
	ProjectSection(WebsiteProperties) = preProject
		TargetFrameworkMoniker = ".NETFramework,Version%3Dv4.5"
		Debug.AspNetCompiler.VirtualPath = "/localhost_49662"
		Debug.AspNetCompiler.PhysicalPath = "Temps\MyWeb\"
		Debug.AspNetCompiler.TargetPath = "PrecompiledWeb\localhost_49662\"
		Debug.AspNetCompiler.Updateable = "true"
		Debug.AspNetCompiler.ForceOverwrite = "true"
		Debug.AspNetCompiler.FixedNames = "false"
		Debug.AspNetCompiler.Debug = "True"
		Release.AspNetCompiler.VirtualPath = "/localhost_49662"
		Release.AspNetCompiler.PhysicalPath = "Temps\MyWeb\"
		Release.AspNetCompiler.TargetPath = "PrecompiledWeb\localhost_49662\"
		Release.AspNetCompiler.Updateable = "true"
		Release.AspNetCompiler.ForceOverwrite = "true"
		Release.AspNetCompiler.FixedNames = "false"
		Release.AspNetCompiler.Debug = "False"
		VWDPort = "49662"
	EndProjectSection
EndProject
Project("{E24C65DC-7377-472B-9ABA-BC803B73C61A}") = "PersonSite", "Temps\PersonSite\", "{D37779CB-BE3C-4BB9-AD26-FF532301DAC3}"
	ProjectSection(WebsiteProperties) = preProject
		TargetFrameworkMoniker = ".NETFramework,Version%3Dv4.5"
		Debug.AspNetCompiler.VirtualPath = "/localhost_49663"
		Debug.AspNetCompiler.PhysicalPath = "Temps\PersonSite\"
		Debug.AspNetCompiler.TargetPath = "PrecompiledWeb\localhost_49663\"
		Debug.AspNetCompiler.Updateable = "true"
		Debug.AspNetCompiler.ForceOverwrite = "true"
		Debug.AspNetCompiler.FixedNames = "false"
		Debug.AspNetCompiler.Debug = "True"
		Release.AspNetCompiler.VirtualPath = "/localhost_49663"
		Release.AspNetCompiler.PhysicalPath = "Temps\PersonSite\"
		Release.AspNetCompiler.TargetPath = "PrecompiledWeb\localhost_49663\"
		Release.AspNetCompiler.Updateable = "true"
		Release.AspNetCompiler.ForceOverwrite = "true"
		Release.AspNetCompiler.FixedNames = "false"
		Release.AspNetCompiler.Debug = "False"
		VWDPort = "49663"
	EndProjectSection
	ProjectSection(WebsiteProperties) = preProject
		TargetFrameworkMoniker = ".NETFramework,Version%3Dv4.5"
		Debug.AspNetCompiler.VirtualPath = "/localhost_49663"
		Debug.AspNetCompiler.PhysicalPath = "Temps\PersonSite\"
		Debug.AspNetCompiler.TargetPath = "PrecompiledWeb\localhost_49663\"
		Debug.AspNetCompiler.Updateable = "true"
		Debug.AspNetCompiler.ForceOverwrite = "true"
		Debug.AspNetCompiler.FixedNames = "false"
		Debug.AspNetCompiler.Debug = "True"
		Release.AspNetCompiler.VirtualPath = "/localhost_49663"
		Release.AspNetCompiler.PhysicalPath = "Temps\PersonSite\"
		Release.AspNetCompiler.TargetPath = "PrecompiledWeb\localhost_49663\"
		Release.AspNetCompiler.Updateable = "true"
		Release.AspNetCompiler.ForceOverwrite = "true"
		Release.AspNetCompiler.FixedNames = "false"
		Release.AspNetCompiler.Debug = "False"
		VWDPort = "49663"
	EndProjectSection
EndProject
Project("{E24C65DC-7377-472B-9ABA-BC803B73C61A}") = "startbootstrap-sb-admin-2-1.0.8", "Temps\startbootstrap-sb-admin-2-1.0.8\", "{B1399E23-38DB-4E14-9668-5D67E9A51D0D}"
	ProjectSection(WebsiteProperties) = preProject
		TargetFrameworkMoniker = ".NETFramework,Version%3Dv4.0"
		Debug.AspNetCompiler.VirtualPath = "/localhost_49666"
		Debug.AspNetCompiler.PhysicalPath = "Temps\startbootstrap-sb-admin-2-1.0.8\"
		Debug.AspNetCompiler.TargetPath = "PrecompiledWeb\localhost_49666\"
		Debug.AspNetCompiler.Updateable = "true"
		Debug.AspNetCompiler.ForceOverwrite = "true"
		Debug.AspNetCompiler.FixedNames = "false"
		Debug.AspNetCompiler.Debug = "True"
		Release.AspNetCompiler.VirtualPath = "/localhost_49666"
		Release.AspNetCompiler.PhysicalPath = "Temps\startbootstrap-sb-admin-2-1.0.8\"
		Release.AspNetCompiler.TargetPath = "PrecompiledWeb\localhost_49666\"
		Release.AspNetCompiler.Updateable = "true"
		Release.AspNetCompiler.ForceOverwrite = "true"
		Release.AspNetCompiler.FixedNames = "false"
		Release.AspNetCompiler.Debug = "False"
		VWDPort = "49666"
	EndProjectSection
	ProjectSection(WebsiteProperties) = preProject
		TargetFrameworkMoniker = ".NETFramework,Version%3Dv4.0"
		Debug.AspNetCompiler.VirtualPath = "/localhost_49666"
		Debug.AspNetCompiler.PhysicalPath = "Temps\startbootstrap-sb-admin-2-1.0.8\"
		Debug.AspNetCompiler.TargetPath = "PrecompiledWeb\localhost_49666\"
		Debug.AspNetCompiler.Updateable = "true"
		Debug.AspNetCompiler.ForceOverwrite = "true"
		Debug.AspNetCompiler.FixedNames = "false"
		Debug.AspNetCompiler.Debug = "True"
		Release.AspNetCompiler.VirtualPath = "/localhost_49666"
		Release.AspNetCompiler.PhysicalPath = "Temps\startbootstrap-sb-admin-2-1.0.8\"
		Release.AspNetCompiler.TargetPath = "PrecompiledWeb\localhost_49666\"
		Release.AspNetCompiler.Updateable = "true"
		Release.AspNetCompiler.ForceOverwrite = "true"
		Release.AspNetCompiler.FixedNames = "false"
		Release.AspNetCompiler.Debug = "False"
		VWDPort = "49666"
	EndProjectSection
EndProject
Global
	GlobalSection(SolutionConfigurationPlatforms) = preSolution
		Debug|Any CPU = Debug|Any CPU
		Debug|Mixed Platforms = Debug|Mixed Platforms
		Debug|x64 = Debug|x64
		Debug|x86 = Debug|x86
		EmailValidator|Any CPU = EmailValidator|Any CPU
		EmailValidator|Mixed Platforms = EmailValidator|Mixed Platforms
		EmailValidator|x64 = EmailValidator|x64
		EmailValidator|x86 = EmailValidator|x86
		Publish|Any CPU = Publish|Any CPU
		Publish|Mixed Platforms = Publish|Mixed Platforms
		Publish|x64 = Publish|x64
		Publish|x86 = Publish|x86
		RedeemGiftTest|Any CPU = RedeemGiftTest|Any CPU
		RedeemGiftTest|Mixed Platforms = RedeemGiftTest|Mixed Platforms
		RedeemGiftTest|x64 = RedeemGiftTest|x64
		RedeemGiftTest|x86 = RedeemGiftTest|x86
		Release|Any CPU = Release|Any CPU
		Release|Mixed Platforms = Release|Mixed Platforms
		Release|x64 = Release|x64
		Release|x86 = Release|x86
		Test|Any CPU = Test|Any CPU
		Test|Mixed Platforms = Test|Mixed Platforms
		Test|x64 = Test|x64
		Test|x86 = Test|x86
	EndGlobalSection
	GlobalSection(ProjectConfigurationPlatforms) = postSolution
		{2EAEF878-041B-4365-8CBF-0A7038B68468}.Debug|Any CPU.ActiveCfg = Debug|Any CPU
		{2EAEF878-041B-4365-8CBF-0A7038B68468}.Debug|Any CPU.Build.0 = Debug|Any CPU
		{2EAEF878-041B-4365-8CBF-0A7038B68468}.Debug|Mixed Platforms.ActiveCfg = Debug|Any CPU
		{2EAEF878-041B-4365-8CBF-0A7038B68468}.Debug|Mixed Platforms.Build.0 = Debug|Any CPU
		{2EAEF878-041B-4365-8CBF-0A7038B68468}.Debug|x64.ActiveCfg = Debug|Any CPU
		{2EAEF878-041B-4365-8CBF-0A7038B68468}.Debug|x86.ActiveCfg = Debug|Any CPU
		{2EAEF878-041B-4365-8CBF-0A7038B68468}.EmailValidator|Any CPU.ActiveCfg = Release|Any CPU
		{2EAEF878-041B-4365-8CBF-0A7038B68468}.EmailValidator|Any CPU.Build.0 = Release|Any CPU
		{2EAEF878-041B-4365-8CBF-0A7038B68468}.EmailValidator|Mixed Platforms.ActiveCfg = Release|Any CPU
		{2EAEF878-041B-4365-8CBF-0A7038B68468}.EmailValidator|Mixed Platforms.Build.0 = Release|Any CPU
		{2EAEF878-041B-4365-8CBF-0A7038B68468}.EmailValidator|x64.ActiveCfg = Release|Any CPU
		{2EAEF878-041B-4365-8CBF-0A7038B68468}.EmailValidator|x86.ActiveCfg = Release|Any CPU
		{2EAEF878-041B-4365-8CBF-0A7038B68468}.Publish|Any CPU.ActiveCfg = Release|Any CPU
		{2EAEF878-041B-4365-8CBF-0A7038B68468}.Publish|Any CPU.Build.0 = Release|Any CPU
		{2EAEF878-041B-4365-8CBF-0A7038B68468}.Publish|Mixed Platforms.ActiveCfg = Release|Any CPU
		{2EAEF878-041B-4365-8CBF-0A7038B68468}.Publish|Mixed Platforms.Build.0 = Release|Any CPU
		{2EAEF878-041B-4365-8CBF-0A7038B68468}.Publish|x64.ActiveCfg = Release|Any CPU
		{2EAEF878-041B-4365-8CBF-0A7038B68468}.Publish|x86.ActiveCfg = Release|Any CPU
		{2EAEF878-041B-4365-8CBF-0A7038B68468}.RedeemGiftTest|Any CPU.ActiveCfg = Release|Any CPU
		{2EAEF878-041B-4365-8CBF-0A7038B68468}.RedeemGiftTest|Any CPU.Build.0 = Release|Any CPU
		{2EAEF878-041B-4365-8CBF-0A7038B68468}.RedeemGiftTest|Mixed Platforms.ActiveCfg = Release|Any CPU
		{2EAEF878-041B-4365-8CBF-0A7038B68468}.RedeemGiftTest|Mixed Platforms.Build.0 = Release|Any CPU
		{2EAEF878-041B-4365-8CBF-0A7038B68468}.RedeemGiftTest|x64.ActiveCfg = Release|Any CPU
		{2EAEF878-041B-4365-8CBF-0A7038B68468}.RedeemGiftTest|x86.ActiveCfg = Release|Any CPU
		{2EAEF878-041B-4365-8CBF-0A7038B68468}.Release|Any CPU.ActiveCfg = Release|Any CPU
		{2EAEF878-041B-4365-8CBF-0A7038B68468}.Release|Any CPU.Build.0 = Release|Any CPU
		{2EAEF878-041B-4365-8CBF-0A7038B68468}.Release|Mixed Platforms.ActiveCfg = Release|Any CPU
		{2EAEF878-041B-4365-8CBF-0A7038B68468}.Release|Mixed Platforms.Build.0 = Release|Any CPU
		{2EAEF878-041B-4365-8CBF-0A7038B68468}.Release|x64.ActiveCfg = Release|Any CPU
		{2EAEF878-041B-4365-8CBF-0A7038B68468}.Release|x86.ActiveCfg = Release|Any CPU
		{2EAEF878-041B-4365-8CBF-0A7038B68468}.Test|Any CPU.ActiveCfg = Release|Any CPU
		{2EAEF878-041B-4365-8CBF-0A7038B68468}.Test|Any CPU.Build.0 = Release|Any CPU
		{2EAEF878-041B-4365-8CBF-0A7038B68468}.Test|Mixed Platforms.ActiveCfg = Release|Any CPU
		{2EAEF878-041B-4365-8CBF-0A7038B68468}.Test|Mixed Platforms.Build.0 = Release|Any CPU
		{2EAEF878-041B-4365-8CBF-0A7038B68468}.Test|x64.ActiveCfg = Release|Any CPU
		{2EAEF878-041B-4365-8CBF-0A7038B68468}.Test|x86.ActiveCfg = Release|Any CPU
		{DD3DCA24-67FF-4555-A803-5D14335822F6}.Debug|Any CPU.ActiveCfg = Debug|Any CPU
		{DD3DCA24-67FF-4555-A803-5D14335822F6}.Debug|Any CPU.Build.0 = Debug|Any CPU
		{DD3DCA24-67FF-4555-A803-5D14335822F6}.Debug|Mixed Platforms.ActiveCfg = Debug|Any CPU
		{DD3DCA24-67FF-4555-A803-5D14335822F6}.Debug|Mixed Platforms.Build.0 = Debug|Any CPU
		{DD3DCA24-67FF-4555-A803-5D14335822F6}.Debug|x64.ActiveCfg = Debug|Any CPU
		{DD3DCA24-67FF-4555-A803-5D14335822F6}.Debug|x86.ActiveCfg = Debug|Any CPU
		{DD3DCA24-67FF-4555-A803-5D14335822F6}.EmailValidator|Any CPU.ActiveCfg = Release|Any CPU
		{DD3DCA24-67FF-4555-A803-5D14335822F6}.EmailValidator|Any CPU.Build.0 = Release|Any CPU
		{DD3DCA24-67FF-4555-A803-5D14335822F6}.EmailValidator|Mixed Platforms.ActiveCfg = Release|Any CPU
		{DD3DCA24-67FF-4555-A803-5D14335822F6}.EmailValidator|Mixed Platforms.Build.0 = Release|Any CPU
		{DD3DCA24-67FF-4555-A803-5D14335822F6}.EmailValidator|x64.ActiveCfg = Release|Any CPU
		{DD3DCA24-67FF-4555-A803-5D14335822F6}.EmailValidator|x86.ActiveCfg = Release|Any CPU
		{DD3DCA24-67FF-4555-A803-5D14335822F6}.Publish|Any CPU.ActiveCfg = Release|Any CPU
		{DD3DCA24-67FF-4555-A803-5D14335822F6}.Publish|Any CPU.Build.0 = Release|Any CPU
		{DD3DCA24-67FF-4555-A803-5D14335822F6}.Publish|Mixed Platforms.ActiveCfg = Release|Any CPU
		{DD3DCA24-67FF-4555-A803-5D14335822F6}.Publish|Mixed Platforms.Build.0 = Release|Any CPU
		{DD3DCA24-67FF-4555-A803-5D14335822F6}.Publish|x64.ActiveCfg = Release|Any CPU
		{DD3DCA24-67FF-4555-A803-5D14335822F6}.Publish|x86.ActiveCfg = Release|Any CPU
		{DD3DCA24-67FF-4555-A803-5D14335822F6}.RedeemGiftTest|Any CPU.ActiveCfg = Release|Any CPU
		{DD3DCA24-67FF-4555-A803-5D14335822F6}.RedeemGiftTest|Any CPU.Build.0 = Release|Any CPU
		{DD3DCA24-67FF-4555-A803-5D14335822F6}.RedeemGiftTest|Mixed Platforms.ActiveCfg = Release|Any CPU
		{DD3DCA24-67FF-4555-A803-5D14335822F6}.RedeemGiftTest|Mixed Platforms.Build.0 = Release|Any CPU
		{DD3DCA24-67FF-4555-A803-5D14335822F6}.RedeemGiftTest|x64.ActiveCfg = Release|Any CPU
		{DD3DCA24-67FF-4555-A803-5D14335822F6}.RedeemGiftTest|x86.ActiveCfg = Release|Any CPU
		{DD3DCA24-67FF-4555-A803-5D14335822F6}.Release|Any CPU.ActiveCfg = Release|Any CPU
		{DD3DCA24-67FF-4555-A803-5D14335822F6}.Release|Any CPU.Build.0 = Release|Any CPU
		{DD3DCA24-67FF-4555-A803-5D14335822F6}.Release|Mixed Platforms.ActiveCfg = Release|Any CPU
		{DD3DCA24-67FF-4555-A803-5D14335822F6}.Release|Mixed Platforms.Build.0 = Release|Any CPU
		{DD3DCA24-67FF-4555-A803-5D14335822F6}.Release|x64.ActiveCfg = Release|Any CPU
		{DD3DCA24-67FF-4555-A803-5D14335822F6}.Release|x86.ActiveCfg = Release|Any CPU
		{DD3DCA24-67FF-4555-A803-5D14335822F6}.Test|Any CPU.ActiveCfg = Release|Any CPU
		{DD3DCA24-67FF-4555-A803-5D14335822F6}.Test|Any CPU.Build.0 = Release|Any CPU
		{DD3DCA24-67FF-4555-A803-5D14335822F6}.Test|Mixed Platforms.ActiveCfg = Release|Any CPU
		{DD3DCA24-67FF-4555-A803-5D14335822F6}.Test|Mixed Platforms.Build.0 = Release|Any CPU
		{DD3DCA24-67FF-4555-A803-5D14335822F6}.Test|x64.ActiveCfg = Release|Any CPU
		{DD3DCA24-67FF-4555-A803-5D14335822F6}.Test|x86.ActiveCfg = Release|Any CPU
		{3FBD08C9-75A9-4D8E-8F94-EB47FE2F70E2}.Debug|Any CPU.ActiveCfg = Debug|Any CPU
		{3FBD08C9-75A9-4D8E-8F94-EB47FE2F70E2}.Debug|Any CPU.Build.0 = Debug|Any CPU
		{3FBD08C9-75A9-4D8E-8F94-EB47FE2F70E2}.Debug|Mixed Platforms.ActiveCfg = Debug|Any CPU
		{3FBD08C9-75A9-4D8E-8F94-EB47FE2F70E2}.Debug|Mixed Platforms.Build.0 = Debug|Any CPU
		{3FBD08C9-75A9-4D8E-8F94-EB47FE2F70E2}.Debug|x64.ActiveCfg = Debug|Any CPU
		{3FBD08C9-75A9-4D8E-8F94-EB47FE2F70E2}.Debug|x86.ActiveCfg = Debug|Any CPU
		{3FBD08C9-75A9-4D8E-8F94-EB47FE2F70E2}.EmailValidator|Any CPU.ActiveCfg = Release|Any CPU
		{3FBD08C9-75A9-4D8E-8F94-EB47FE2F70E2}.EmailValidator|Any CPU.Build.0 = Release|Any CPU
		{3FBD08C9-75A9-4D8E-8F94-EB47FE2F70E2}.EmailValidator|Mixed Platforms.ActiveCfg = Release|Any CPU
		{3FBD08C9-75A9-4D8E-8F94-EB47FE2F70E2}.EmailValidator|Mixed Platforms.Build.0 = Release|Any CPU
		{3FBD08C9-75A9-4D8E-8F94-EB47FE2F70E2}.EmailValidator|x64.ActiveCfg = Release|Any CPU
		{3FBD08C9-75A9-4D8E-8F94-EB47FE2F70E2}.EmailValidator|x86.ActiveCfg = Release|Any CPU
		{3FBD08C9-75A9-4D8E-8F94-EB47FE2F70E2}.Publish|Any CPU.ActiveCfg = Release|Any CPU
		{3FBD08C9-75A9-4D8E-8F94-EB47FE2F70E2}.Publish|Any CPU.Build.0 = Release|Any CPU
		{3FBD08C9-75A9-4D8E-8F94-EB47FE2F70E2}.Publish|Mixed Platforms.ActiveCfg = Release|Any CPU
		{3FBD08C9-75A9-4D8E-8F94-EB47FE2F70E2}.Publish|Mixed Platforms.Build.0 = Release|Any CPU
		{3FBD08C9-75A9-4D8E-8F94-EB47FE2F70E2}.Publish|x64.ActiveCfg = Release|Any CPU
		{3FBD08C9-75A9-4D8E-8F94-EB47FE2F70E2}.Publish|x86.ActiveCfg = Release|Any CPU
		{3FBD08C9-75A9-4D8E-8F94-EB47FE2F70E2}.RedeemGiftTest|Any CPU.ActiveCfg = Release|Any CPU
		{3FBD08C9-75A9-4D8E-8F94-EB47FE2F70E2}.RedeemGiftTest|Any CPU.Build.0 = Release|Any CPU
		{3FBD08C9-75A9-4D8E-8F94-EB47FE2F70E2}.RedeemGiftTest|Mixed Platforms.ActiveCfg = Release|Any CPU
		{3FBD08C9-75A9-4D8E-8F94-EB47FE2F70E2}.RedeemGiftTest|Mixed Platforms.Build.0 = Release|Any CPU
		{3FBD08C9-75A9-4D8E-8F94-EB47FE2F70E2}.RedeemGiftTest|x64.ActiveCfg = Release|Any CPU
		{3FBD08C9-75A9-4D8E-8F94-EB47FE2F70E2}.RedeemGiftTest|x86.ActiveCfg = Release|Any CPU
		{3FBD08C9-75A9-4D8E-8F94-EB47FE2F70E2}.Release|Any CPU.ActiveCfg = Release|Any CPU
		{3FBD08C9-75A9-4D8E-8F94-EB47FE2F70E2}.Release|Any CPU.Build.0 = Release|Any CPU
		{3FBD08C9-75A9-4D8E-8F94-EB47FE2F70E2}.Release|Mixed Platforms.ActiveCfg = Release|Any CPU
		{3FBD08C9-75A9-4D8E-8F94-EB47FE2F70E2}.Release|Mixed Platforms.Build.0 = Release|Any CPU
		{3FBD08C9-75A9-4D8E-8F94-EB47FE2F70E2}.Release|x64.ActiveCfg = Release|Any CPU
		{3FBD08C9-75A9-4D8E-8F94-EB47FE2F70E2}.Release|x86.ActiveCfg = Release|Any CPU
		{3FBD08C9-75A9-4D8E-8F94-EB47FE2F70E2}.Test|Any CPU.ActiveCfg = Release|Any CPU
		{3FBD08C9-75A9-4D8E-8F94-EB47FE2F70E2}.Test|Any CPU.Build.0 = Release|Any CPU
		{3FBD08C9-75A9-4D8E-8F94-EB47FE2F70E2}.Test|Mixed Platforms.ActiveCfg = Release|Any CPU
		{3FBD08C9-75A9-4D8E-8F94-EB47FE2F70E2}.Test|Mixed Platforms.Build.0 = Release|Any CPU
		{3FBD08C9-75A9-4D8E-8F94-EB47FE2F70E2}.Test|x64.ActiveCfg = Release|Any CPU
		{3FBD08C9-75A9-4D8E-8F94-EB47FE2F70E2}.Test|x86.ActiveCfg = Release|Any CPU
		{1278E968-E9F9-4C55-86B3-3C7045DC0E88}.Debug|Any CPU.ActiveCfg = Debug|Any CPU
		{1278E968-E9F9-4C55-86B3-3C7045DC0E88}.Debug|Any CPU.Build.0 = Debug|Any CPU
		{1278E968-E9F9-4C55-86B3-3C7045DC0E88}.Debug|Mixed Platforms.ActiveCfg = Debug|Any CPU
		{1278E968-E9F9-4C55-86B3-3C7045DC0E88}.Debug|Mixed Platforms.Build.0 = Debug|Any CPU
		{1278E968-E9F9-4C55-86B3-3C7045DC0E88}.Debug|x64.ActiveCfg = Debug|Any CPU
		{1278E968-E9F9-4C55-86B3-3C7045DC0E88}.Debug|x86.ActiveCfg = Debug|Any CPU
		{1278E968-E9F9-4C55-86B3-3C7045DC0E88}.EmailValidator|Any CPU.ActiveCfg = Release|Any CPU
		{1278E968-E9F9-4C55-86B3-3C7045DC0E88}.EmailValidator|Any CPU.Build.0 = Release|Any CPU
		{1278E968-E9F9-4C55-86B3-3C7045DC0E88}.EmailValidator|Mixed Platforms.ActiveCfg = Release|Any CPU
		{1278E968-E9F9-4C55-86B3-3C7045DC0E88}.EmailValidator|Mixed Platforms.Build.0 = Release|Any CPU
		{1278E968-E9F9-4C55-86B3-3C7045DC0E88}.EmailValidator|x64.ActiveCfg = Release|Any CPU
		{1278E968-E9F9-4C55-86B3-3C7045DC0E88}.EmailValidator|x86.ActiveCfg = Release|Any CPU
		{1278E968-E9F9-4C55-86B3-3C7045DC0E88}.Publish|Any CPU.ActiveCfg = Release|Any CPU
		{1278E968-E9F9-4C55-86B3-3C7045DC0E88}.Publish|Any CPU.Build.0 = Release|Any CPU
		{1278E968-E9F9-4C55-86B3-3C7045DC0E88}.Publish|Mixed Platforms.ActiveCfg = Release|Any CPU
		{1278E968-E9F9-4C55-86B3-3C7045DC0E88}.Publish|Mixed Platforms.Build.0 = Release|Any CPU
		{1278E968-E9F9-4C55-86B3-3C7045DC0E88}.Publish|x64.ActiveCfg = Release|Any CPU
		{1278E968-E9F9-4C55-86B3-3C7045DC0E88}.Publish|x86.ActiveCfg = Release|Any CPU
		{1278E968-E9F9-4C55-86B3-3C7045DC0E88}.RedeemGiftTest|Any CPU.ActiveCfg = Release|Any CPU
		{1278E968-E9F9-4C55-86B3-3C7045DC0E88}.RedeemGiftTest|Any CPU.Build.0 = Release|Any CPU
		{1278E968-E9F9-4C55-86B3-3C7045DC0E88}.RedeemGiftTest|Mixed Platforms.ActiveCfg = Release|Any CPU
		{1278E968-E9F9-4C55-86B3-3C7045DC0E88}.RedeemGiftTest|Mixed Platforms.Build.0 = Release|Any CPU
		{1278E968-E9F9-4C55-86B3-3C7045DC0E88}.RedeemGiftTest|x64.ActiveCfg = Release|Any CPU
		{1278E968-E9F9-4C55-86B3-3C7045DC0E88}.RedeemGiftTest|x86.ActiveCfg = Release|Any CPU
		{1278E968-E9F9-4C55-86B3-3C7045DC0E88}.Release|Any CPU.ActiveCfg = Release|Any CPU
		{1278E968-E9F9-4C55-86B3-3C7045DC0E88}.Release|Any CPU.Build.0 = Release|Any CPU
		{1278E968-E9F9-4C55-86B3-3C7045DC0E88}.Release|Mixed Platforms.ActiveCfg = Release|Any CPU
		{1278E968-E9F9-4C55-86B3-3C7045DC0E88}.Release|Mixed Platforms.Build.0 = Release|Any CPU
		{1278E968-E9F9-4C55-86B3-3C7045DC0E88}.Release|x64.ActiveCfg = Release|Any CPU
		{1278E968-E9F9-4C55-86B3-3C7045DC0E88}.Release|x86.ActiveCfg = Release|Any CPU
		{1278E968-E9F9-4C55-86B3-3C7045DC0E88}.Test|Any CPU.ActiveCfg = Release|Any CPU
		{1278E968-E9F9-4C55-86B3-3C7045DC0E88}.Test|Any CPU.Build.0 = Release|Any CPU
		{1278E968-E9F9-4C55-86B3-3C7045DC0E88}.Test|Mixed Platforms.ActiveCfg = Release|Any CPU
		{1278E968-E9F9-4C55-86B3-3C7045DC0E88}.Test|Mixed Platforms.Build.0 = Release|Any CPU
		{1278E968-E9F9-4C55-86B3-3C7045DC0E88}.Test|x64.ActiveCfg = Release|Any CPU
		{1278E968-E9F9-4C55-86B3-3C7045DC0E88}.Test|x86.ActiveCfg = Release|Any CPU
		{508B7EC2-DAE8-4EF5-BD0F-13539B189367}.Debug|Any CPU.ActiveCfg = Debug|Any CPU
		{508B7EC2-DAE8-4EF5-BD0F-13539B189367}.Debug|Any CPU.Build.0 = Debug|Any CPU
		{508B7EC2-DAE8-4EF5-BD0F-13539B189367}.Debug|Mixed Platforms.ActiveCfg = Debug|Any CPU
		{508B7EC2-DAE8-4EF5-BD0F-13539B189367}.Debug|Mixed Platforms.Build.0 = Debug|Any CPU
		{508B7EC2-DAE8-4EF5-BD0F-13539B189367}.Debug|x64.ActiveCfg = Debug|Any CPU
		{508B7EC2-DAE8-4EF5-BD0F-13539B189367}.Debug|x86.ActiveCfg = Debug|Any CPU
		{508B7EC2-DAE8-4EF5-BD0F-13539B189367}.EmailValidator|Any CPU.ActiveCfg = Release|Any CPU
		{508B7EC2-DAE8-4EF5-BD0F-13539B189367}.EmailValidator|Any CPU.Build.0 = Release|Any CPU
		{508B7EC2-DAE8-4EF5-BD0F-13539B189367}.EmailValidator|Mixed Platforms.ActiveCfg = Release|Any CPU
		{508B7EC2-DAE8-4EF5-BD0F-13539B189367}.EmailValidator|Mixed Platforms.Build.0 = Release|Any CPU
		{508B7EC2-DAE8-4EF5-BD0F-13539B189367}.EmailValidator|x64.ActiveCfg = Release|Any CPU
		{508B7EC2-DAE8-4EF5-BD0F-13539B189367}.EmailValidator|x86.ActiveCfg = Release|Any CPU
		{508B7EC2-DAE8-4EF5-BD0F-13539B189367}.Publish|Any CPU.ActiveCfg = Release|Any CPU
		{508B7EC2-DAE8-4EF5-BD0F-13539B189367}.Publish|Any CPU.Build.0 = Release|Any CPU
		{508B7EC2-DAE8-4EF5-BD0F-13539B189367}.Publish|Mixed Platforms.ActiveCfg = Release|Any CPU
		{508B7EC2-DAE8-4EF5-BD0F-13539B189367}.Publish|Mixed Platforms.Build.0 = Release|Any CPU
		{508B7EC2-DAE8-4EF5-BD0F-13539B189367}.Publish|x64.ActiveCfg = Release|Any CPU
		{508B7EC2-DAE8-4EF5-BD0F-13539B189367}.Publish|x86.ActiveCfg = Release|Any CPU
		{508B7EC2-DAE8-4EF5-BD0F-13539B189367}.RedeemGiftTest|Any CPU.ActiveCfg = Release|Any CPU
		{508B7EC2-DAE8-4EF5-BD0F-13539B189367}.RedeemGiftTest|Any CPU.Build.0 = Release|Any CPU
		{508B7EC2-DAE8-4EF5-BD0F-13539B189367}.RedeemGiftTest|Mixed Platforms.ActiveCfg = Release|Any CPU
		{508B7EC2-DAE8-4EF5-BD0F-13539B189367}.RedeemGiftTest|Mixed Platforms.Build.0 = Release|Any CPU
		{508B7EC2-DAE8-4EF5-BD0F-13539B189367}.RedeemGiftTest|x64.ActiveCfg = Release|Any CPU
		{508B7EC2-DAE8-4EF5-BD0F-13539B189367}.RedeemGiftTest|x86.ActiveCfg = Release|Any CPU
		{508B7EC2-DAE8-4EF5-BD0F-13539B189367}.Release|Any CPU.ActiveCfg = Release|Any CPU
		{508B7EC2-DAE8-4EF5-BD0F-13539B189367}.Release|Any CPU.Build.0 = Release|Any CPU
		{508B7EC2-DAE8-4EF5-BD0F-13539B189367}.Release|Mixed Platforms.ActiveCfg = Release|Any CPU
		{508B7EC2-DAE8-4EF5-BD0F-13539B189367}.Release|Mixed Platforms.Build.0 = Release|Any CPU
		{508B7EC2-DAE8-4EF5-BD0F-13539B189367}.Release|x64.ActiveCfg = Release|Any CPU
		{508B7EC2-DAE8-4EF5-BD0F-13539B189367}.Release|x86.ActiveCfg = Release|Any CPU
		{508B7EC2-DAE8-4EF5-BD0F-13539B189367}.Test|Any CPU.ActiveCfg = Release|Any CPU
		{508B7EC2-DAE8-4EF5-BD0F-13539B189367}.Test|Any CPU.Build.0 = Release|Any CPU
		{508B7EC2-DAE8-4EF5-BD0F-13539B189367}.Test|Mixed Platforms.ActiveCfg = Release|Any CPU
		{508B7EC2-DAE8-4EF5-BD0F-13539B189367}.Test|Mixed Platforms.Build.0 = Release|Any CPU
		{508B7EC2-DAE8-4EF5-BD0F-13539B189367}.Test|x64.ActiveCfg = Release|Any CPU
		{508B7EC2-DAE8-4EF5-BD0F-13539B189367}.Test|x86.ActiveCfg = Release|Any CPU
		{B02AD5CF-B0CA-4123-AEF6-5D69B0EA7266}.Debug|Any CPU.ActiveCfg = Debug|Any CPU
		{B02AD5CF-B0CA-4123-AEF6-5D69B0EA7266}.Debug|Any CPU.Build.0 = Debug|Any CPU
		{B02AD5CF-B0CA-4123-AEF6-5D69B0EA7266}.Debug|Mixed Platforms.ActiveCfg = Debug|Any CPU
		{B02AD5CF-B0CA-4123-AEF6-5D69B0EA7266}.Debug|Mixed Platforms.Build.0 = Debug|Any CPU
		{B02AD5CF-B0CA-4123-AEF6-5D69B0EA7266}.Debug|x64.ActiveCfg = Debug|Any CPU
		{B02AD5CF-B0CA-4123-AEF6-5D69B0EA7266}.Debug|x86.ActiveCfg = Debug|Any CPU
		{B02AD5CF-B0CA-4123-AEF6-5D69B0EA7266}.EmailValidator|Any CPU.ActiveCfg = Release|Any CPU
		{B02AD5CF-B0CA-4123-AEF6-5D69B0EA7266}.EmailValidator|Any CPU.Build.0 = Release|Any CPU
		{B02AD5CF-B0CA-4123-AEF6-5D69B0EA7266}.EmailValidator|Mixed Platforms.ActiveCfg = Release|Any CPU
		{B02AD5CF-B0CA-4123-AEF6-5D69B0EA7266}.EmailValidator|Mixed Platforms.Build.0 = Release|Any CPU
		{B02AD5CF-B0CA-4123-AEF6-5D69B0EA7266}.EmailValidator|x64.ActiveCfg = Release|Any CPU
		{B02AD5CF-B0CA-4123-AEF6-5D69B0EA7266}.EmailValidator|x86.ActiveCfg = Release|Any CPU
		{B02AD5CF-B0CA-4123-AEF6-5D69B0EA7266}.Publish|Any CPU.ActiveCfg = Release|Any CPU
		{B02AD5CF-B0CA-4123-AEF6-5D69B0EA7266}.Publish|Any CPU.Build.0 = Release|Any CPU
		{B02AD5CF-B0CA-4123-AEF6-5D69B0EA7266}.Publish|Mixed Platforms.ActiveCfg = Release|Any CPU
		{B02AD5CF-B0CA-4123-AEF6-5D69B0EA7266}.Publish|Mixed Platforms.Build.0 = Release|Any CPU
		{B02AD5CF-B0CA-4123-AEF6-5D69B0EA7266}.Publish|x64.ActiveCfg = Release|Any CPU
		{B02AD5CF-B0CA-4123-AEF6-5D69B0EA7266}.Publish|x86.ActiveCfg = Release|Any CPU
		{B02AD5CF-B0CA-4123-AEF6-5D69B0EA7266}.RedeemGiftTest|Any CPU.ActiveCfg = Release|Any CPU
		{B02AD5CF-B0CA-4123-AEF6-5D69B0EA7266}.RedeemGiftTest|Any CPU.Build.0 = Release|Any CPU
		{B02AD5CF-B0CA-4123-AEF6-5D69B0EA7266}.RedeemGiftTest|Mixed Platforms.ActiveCfg = Release|Any CPU
		{B02AD5CF-B0CA-4123-AEF6-5D69B0EA7266}.RedeemGiftTest|Mixed Platforms.Build.0 = Release|Any CPU
		{B02AD5CF-B0CA-4123-AEF6-5D69B0EA7266}.RedeemGiftTest|x64.ActiveCfg = Release|Any CPU
		{B02AD5CF-B0CA-4123-AEF6-5D69B0EA7266}.RedeemGiftTest|x86.ActiveCfg = Release|Any CPU
		{B02AD5CF-B0CA-4123-AEF6-5D69B0EA7266}.Release|Any CPU.ActiveCfg = Release|Any CPU
		{B02AD5CF-B0CA-4123-AEF6-5D69B0EA7266}.Release|Any CPU.Build.0 = Release|Any CPU
		{B02AD5CF-B0CA-4123-AEF6-5D69B0EA7266}.Release|Mixed Platforms.ActiveCfg = Release|Any CPU
		{B02AD5CF-B0CA-4123-AEF6-5D69B0EA7266}.Release|Mixed Platforms.Build.0 = Release|Any CPU
		{B02AD5CF-B0CA-4123-AEF6-5D69B0EA7266}.Release|x64.ActiveCfg = Release|Any CPU
		{B02AD5CF-B0CA-4123-AEF6-5D69B0EA7266}.Release|x86.ActiveCfg = Release|Any CPU
		{B02AD5CF-B0CA-4123-AEF6-5D69B0EA7266}.Test|Any CPU.ActiveCfg = Release|Any CPU
		{B02AD5CF-B0CA-4123-AEF6-5D69B0EA7266}.Test|Any CPU.Build.0 = Release|Any CPU
		{B02AD5CF-B0CA-4123-AEF6-5D69B0EA7266}.Test|Mixed Platforms.ActiveCfg = Release|Any CPU
		{B02AD5CF-B0CA-4123-AEF6-5D69B0EA7266}.Test|Mixed Platforms.Build.0 = Release|Any CPU
		{B02AD5CF-B0CA-4123-AEF6-5D69B0EA7266}.Test|x64.ActiveCfg = Release|Any CPU
		{B02AD5CF-B0CA-4123-AEF6-5D69B0EA7266}.Test|x86.ActiveCfg = Release|Any CPU
		{1F735B03-E2C3-43EE-8D30-DFF41B037E26}.Debug|Any CPU.ActiveCfg = Debug|Any CPU
		{1F735B03-E2C3-43EE-8D30-DFF41B037E26}.Debug|Any CPU.Build.0 = Debug|Any CPU
		{1F735B03-E2C3-43EE-8D30-DFF41B037E26}.Debug|Mixed Platforms.ActiveCfg = Debug|Any CPU
		{1F735B03-E2C3-43EE-8D30-DFF41B037E26}.Debug|Mixed Platforms.Build.0 = Debug|Any CPU
		{1F735B03-E2C3-43EE-8D30-DFF41B037E26}.Debug|x64.ActiveCfg = Debug|Any CPU
		{1F735B03-E2C3-43EE-8D30-DFF41B037E26}.Debug|x86.ActiveCfg = Debug|Any CPU
		{1F735B03-E2C3-43EE-8D30-DFF41B037E26}.EmailValidator|Any CPU.ActiveCfg = Release|Any CPU
		{1F735B03-E2C3-43EE-8D30-DFF41B037E26}.EmailValidator|Any CPU.Build.0 = Release|Any CPU
		{1F735B03-E2C3-43EE-8D30-DFF41B037E26}.EmailValidator|Mixed Platforms.ActiveCfg = Release|Any CPU
		{1F735B03-E2C3-43EE-8D30-DFF41B037E26}.EmailValidator|Mixed Platforms.Build.0 = Release|Any CPU
		{1F735B03-E2C3-43EE-8D30-DFF41B037E26}.EmailValidator|x64.ActiveCfg = Release|Any CPU
		{1F735B03-E2C3-43EE-8D30-DFF41B037E26}.EmailValidator|x86.ActiveCfg = Release|Any CPU
		{1F735B03-E2C3-43EE-8D30-DFF41B037E26}.Publish|Any CPU.ActiveCfg = Release|Any CPU
		{1F735B03-E2C3-43EE-8D30-DFF41B037E26}.Publish|Any CPU.Build.0 = Release|Any CPU
		{1F735B03-E2C3-43EE-8D30-DFF41B037E26}.Publish|Mixed Platforms.ActiveCfg = Release|Any CPU
		{1F735B03-E2C3-43EE-8D30-DFF41B037E26}.Publish|Mixed Platforms.Build.0 = Release|Any CPU
		{1F735B03-E2C3-43EE-8D30-DFF41B037E26}.Publish|x64.ActiveCfg = Release|Any CPU
		{1F735B03-E2C3-43EE-8D30-DFF41B037E26}.Publish|x86.ActiveCfg = Release|Any CPU
		{1F735B03-E2C3-43EE-8D30-DFF41B037E26}.RedeemGiftTest|Any CPU.ActiveCfg = Release|Any CPU
		{1F735B03-E2C3-43EE-8D30-DFF41B037E26}.RedeemGiftTest|Any CPU.Build.0 = Release|Any CPU
		{1F735B03-E2C3-43EE-8D30-DFF41B037E26}.RedeemGiftTest|Mixed Platforms.ActiveCfg = Release|Any CPU
		{1F735B03-E2C3-43EE-8D30-DFF41B037E26}.RedeemGiftTest|Mixed Platforms.Build.0 = Release|Any CPU
		{1F735B03-E2C3-43EE-8D30-DFF41B037E26}.RedeemGiftTest|x64.ActiveCfg = Release|Any CPU
		{1F735B03-E2C3-43EE-8D30-DFF41B037E26}.RedeemGiftTest|x86.ActiveCfg = Release|Any CPU
		{1F735B03-E2C3-43EE-8D30-DFF41B037E26}.Release|Any CPU.ActiveCfg = Release|Any CPU
		{1F735B03-E2C3-43EE-8D30-DFF41B037E26}.Release|Any CPU.Build.0 = Release|Any CPU
		{1F735B03-E2C3-43EE-8D30-DFF41B037E26}.Release|Mixed Platforms.ActiveCfg = Release|Any CPU
		{1F735B03-E2C3-43EE-8D30-DFF41B037E26}.Release|Mixed Platforms.Build.0 = Release|Any CPU
		{1F735B03-E2C3-43EE-8D30-DFF41B037E26}.Release|x64.ActiveCfg = Release|Any CPU
		{1F735B03-E2C3-43EE-8D30-DFF41B037E26}.Release|x86.ActiveCfg = Release|Any CPU
		{1F735B03-E2C3-43EE-8D30-DFF41B037E26}.Test|Any CPU.ActiveCfg = Release|Any CPU
		{1F735B03-E2C3-43EE-8D30-DFF41B037E26}.Test|Any CPU.Build.0 = Release|Any CPU
		{1F735B03-E2C3-43EE-8D30-DFF41B037E26}.Test|Mixed Platforms.ActiveCfg = Release|Any CPU
		{1F735B03-E2C3-43EE-8D30-DFF41B037E26}.Test|Mixed Platforms.Build.0 = Release|Any CPU
		{1F735B03-E2C3-43EE-8D30-DFF41B037E26}.Test|x64.ActiveCfg = Release|Any CPU
		{1F735B03-E2C3-43EE-8D30-DFF41B037E26}.Test|x86.ActiveCfg = Release|Any CPU
		{5FE33A48-0BFA-40B7-A2D6-2999B9F00417}.Debug|Any CPU.ActiveCfg = Debug|Any CPU
		{5FE33A48-0BFA-40B7-A2D6-2999B9F00417}.Debug|Any CPU.Build.0 = Debug|Any CPU
		{5FE33A48-0BFA-40B7-A2D6-2999B9F00417}.Debug|Mixed Platforms.ActiveCfg = Debug|Any CPU
		{5FE33A48-0BFA-40B7-A2D6-2999B9F00417}.Debug|Mixed Platforms.Build.0 = Debug|Any CPU
		{5FE33A48-0BFA-40B7-A2D6-2999B9F00417}.Debug|x64.ActiveCfg = Debug|Any CPU
		{5FE33A48-0BFA-40B7-A2D6-2999B9F00417}.Debug|x64.Build.0 = Debug|Any CPU
		{5FE33A48-0BFA-40B7-A2D6-2999B9F00417}.Debug|x86.ActiveCfg = Debug|Any CPU
		{5FE33A48-0BFA-40B7-A2D6-2999B9F00417}.Debug|x86.Build.0 = Debug|Any CPU
		{5FE33A48-0BFA-40B7-A2D6-2999B9F00417}.EmailValidator|Any CPU.ActiveCfg = Release|Any CPU
		{5FE33A48-0BFA-40B7-A2D6-2999B9F00417}.EmailValidator|Any CPU.Build.0 = Release|Any CPU
		{5FE33A48-0BFA-40B7-A2D6-2999B9F00417}.EmailValidator|Mixed Platforms.ActiveCfg = Release|Any CPU
		{5FE33A48-0BFA-40B7-A2D6-2999B9F00417}.EmailValidator|Mixed Platforms.Build.0 = Release|Any CPU
		{5FE33A48-0BFA-40B7-A2D6-2999B9F00417}.EmailValidator|x64.ActiveCfg = Release|Any CPU
		{5FE33A48-0BFA-40B7-A2D6-2999B9F00417}.EmailValidator|x64.Build.0 = Release|Any CPU
		{5FE33A48-0BFA-40B7-A2D6-2999B9F00417}.EmailValidator|x86.ActiveCfg = Release|Any CPU
		{5FE33A48-0BFA-40B7-A2D6-2999B9F00417}.EmailValidator|x86.Build.0 = Release|Any CPU
		{5FE33A48-0BFA-40B7-A2D6-2999B9F00417}.Publish|Any CPU.ActiveCfg = Release|Any CPU
		{5FE33A48-0BFA-40B7-A2D6-2999B9F00417}.Publish|Any CPU.Build.0 = Release|Any CPU
		{5FE33A48-0BFA-40B7-A2D6-2999B9F00417}.Publish|Mixed Platforms.ActiveCfg = Release|Any CPU
		{5FE33A48-0BFA-40B7-A2D6-2999B9F00417}.Publish|Mixed Platforms.Build.0 = Release|Any CPU
		{5FE33A48-0BFA-40B7-A2D6-2999B9F00417}.Publish|x64.ActiveCfg = Release|Any CPU
		{5FE33A48-0BFA-40B7-A2D6-2999B9F00417}.Publish|x64.Build.0 = Release|Any CPU
		{5FE33A48-0BFA-40B7-A2D6-2999B9F00417}.Publish|x86.ActiveCfg = Release|Any CPU
		{5FE33A48-0BFA-40B7-A2D6-2999B9F00417}.Publish|x86.Build.0 = Release|Any CPU
		{5FE33A48-0BFA-40B7-A2D6-2999B9F00417}.RedeemGiftTest|Any CPU.ActiveCfg = Release|Any CPU
		{5FE33A48-0BFA-40B7-A2D6-2999B9F00417}.RedeemGiftTest|Any CPU.Build.0 = Release|Any CPU
		{5FE33A48-0BFA-40B7-A2D6-2999B9F00417}.RedeemGiftTest|Mixed Platforms.ActiveCfg = Release|Any CPU
		{5FE33A48-0BFA-40B7-A2D6-2999B9F00417}.RedeemGiftTest|Mixed Platforms.Build.0 = Release|Any CPU
		{5FE33A48-0BFA-40B7-A2D6-2999B9F00417}.RedeemGiftTest|x64.ActiveCfg = Release|Any CPU
		{5FE33A48-0BFA-40B7-A2D6-2999B9F00417}.RedeemGiftTest|x64.Build.0 = Release|Any CPU
		{5FE33A48-0BFA-40B7-A2D6-2999B9F00417}.RedeemGiftTest|x86.ActiveCfg = Release|Any CPU
		{5FE33A48-0BFA-40B7-A2D6-2999B9F00417}.RedeemGiftTest|x86.Build.0 = Release|Any CPU
		{5FE33A48-0BFA-40B7-A2D6-2999B9F00417}.Release|Any CPU.ActiveCfg = Release|Any CPU
		{5FE33A48-0BFA-40B7-A2D6-2999B9F00417}.Release|Any CPU.Build.0 = Release|Any CPU
		{5FE33A48-0BFA-40B7-A2D6-2999B9F00417}.Release|Mixed Platforms.ActiveCfg = Release|Any CPU
		{5FE33A48-0BFA-40B7-A2D6-2999B9F00417}.Release|Mixed Platforms.Build.0 = Release|Any CPU
		{5FE33A48-0BFA-40B7-A2D6-2999B9F00417}.Release|x64.ActiveCfg = Release|Any CPU
		{5FE33A48-0BFA-40B7-A2D6-2999B9F00417}.Release|x64.Build.0 = Release|Any CPU
		{5FE33A48-0BFA-40B7-A2D6-2999B9F00417}.Release|x86.ActiveCfg = Release|Any CPU
		{5FE33A48-0BFA-40B7-A2D6-2999B9F00417}.Release|x86.Build.0 = Release|Any CPU
		{5FE33A48-0BFA-40B7-A2D6-2999B9F00417}.Test|Any CPU.ActiveCfg = Release|Any CPU
		{5FE33A48-0BFA-40B7-A2D6-2999B9F00417}.Test|Any CPU.Build.0 = Release|Any CPU
		{5FE33A48-0BFA-40B7-A2D6-2999B9F00417}.Test|Mixed Platforms.ActiveCfg = Release|Any CPU
		{5FE33A48-0BFA-40B7-A2D6-2999B9F00417}.Test|Mixed Platforms.Build.0 = Release|Any CPU
		{5FE33A48-0BFA-40B7-A2D6-2999B9F00417}.Test|x64.ActiveCfg = Release|Any CPU
		{5FE33A48-0BFA-40B7-A2D6-2999B9F00417}.Test|x64.Build.0 = Release|Any CPU
		{5FE33A48-0BFA-40B7-A2D6-2999B9F00417}.Test|x86.ActiveCfg = Release|Any CPU
		{5FE33A48-0BFA-40B7-A2D6-2999B9F00417}.Test|x86.Build.0 = Release|Any CPU
		{F3281193-F250-4E79-840B-93B60B0992EE}.Debug|Any CPU.ActiveCfg = Debug|Any CPU
		{F3281193-F250-4E79-840B-93B60B0992EE}.Debug|Any CPU.Build.0 = Debug|Any CPU
		{F3281193-F250-4E79-840B-93B60B0992EE}.Debug|Mixed Platforms.ActiveCfg = Debug|Any CPU
		{F3281193-F250-4E79-840B-93B60B0992EE}.Debug|Mixed Platforms.Build.0 = Debug|Any CPU
		{F3281193-F250-4E79-840B-93B60B0992EE}.Debug|x64.ActiveCfg = Debug|Any CPU
		{F3281193-F250-4E79-840B-93B60B0992EE}.Debug|x64.Build.0 = Debug|Any CPU
		{F3281193-F250-4E79-840B-93B60B0992EE}.Debug|x86.ActiveCfg = Debug|Any CPU
		{F3281193-F250-4E79-840B-93B60B0992EE}.Debug|x86.Build.0 = Debug|Any CPU
		{F3281193-F250-4E79-840B-93B60B0992EE}.EmailValidator|Any CPU.ActiveCfg = Release|Any CPU
		{F3281193-F250-4E79-840B-93B60B0992EE}.EmailValidator|Any CPU.Build.0 = Release|Any CPU
		{F3281193-F250-4E79-840B-93B60B0992EE}.EmailValidator|Mixed Platforms.ActiveCfg = Release|Any CPU
		{F3281193-F250-4E79-840B-93B60B0992EE}.EmailValidator|Mixed Platforms.Build.0 = Release|Any CPU
		{F3281193-F250-4E79-840B-93B60B0992EE}.EmailValidator|x64.ActiveCfg = Release|Any CPU
		{F3281193-F250-4E79-840B-93B60B0992EE}.EmailValidator|x64.Build.0 = Release|Any CPU
		{F3281193-F250-4E79-840B-93B60B0992EE}.EmailValidator|x86.ActiveCfg = Release|Any CPU
		{F3281193-F250-4E79-840B-93B60B0992EE}.EmailValidator|x86.Build.0 = Release|Any CPU
		{F3281193-F250-4E79-840B-93B60B0992EE}.Publish|Any CPU.ActiveCfg = Release|Any CPU
		{F3281193-F250-4E79-840B-93B60B0992EE}.Publish|Any CPU.Build.0 = Release|Any CPU
		{F3281193-F250-4E79-840B-93B60B0992EE}.Publish|Mixed Platforms.ActiveCfg = Release|Any CPU
		{F3281193-F250-4E79-840B-93B60B0992EE}.Publish|Mixed Platforms.Build.0 = Release|Any CPU
		{F3281193-F250-4E79-840B-93B60B0992EE}.Publish|x64.ActiveCfg = Release|Any CPU
		{F3281193-F250-4E79-840B-93B60B0992EE}.Publish|x64.Build.0 = Release|Any CPU
		{F3281193-F250-4E79-840B-93B60B0992EE}.Publish|x86.ActiveCfg = Release|Any CPU
		{F3281193-F250-4E79-840B-93B60B0992EE}.Publish|x86.Build.0 = Release|Any CPU
		{F3281193-F250-4E79-840B-93B60B0992EE}.RedeemGiftTest|Any CPU.ActiveCfg = Release|Any CPU
		{F3281193-F250-4E79-840B-93B60B0992EE}.RedeemGiftTest|Any CPU.Build.0 = Release|Any CPU
		{F3281193-F250-4E79-840B-93B60B0992EE}.RedeemGiftTest|Mixed Platforms.ActiveCfg = Release|Any CPU
		{F3281193-F250-4E79-840B-93B60B0992EE}.RedeemGiftTest|Mixed Platforms.Build.0 = Release|Any CPU
		{F3281193-F250-4E79-840B-93B60B0992EE}.RedeemGiftTest|x64.ActiveCfg = Release|Any CPU
		{F3281193-F250-4E79-840B-93B60B0992EE}.RedeemGiftTest|x64.Build.0 = Release|Any CPU
		{F3281193-F250-4E79-840B-93B60B0992EE}.RedeemGiftTest|x86.ActiveCfg = Release|Any CPU
		{F3281193-F250-4E79-840B-93B60B0992EE}.RedeemGiftTest|x86.Build.0 = Release|Any CPU
		{F3281193-F250-4E79-840B-93B60B0992EE}.Release|Any CPU.ActiveCfg = Release|Any CPU
		{F3281193-F250-4E79-840B-93B60B0992EE}.Release|Any CPU.Build.0 = Release|Any CPU
		{F3281193-F250-4E79-840B-93B60B0992EE}.Release|Mixed Platforms.ActiveCfg = Release|Any CPU
		{F3281193-F250-4E79-840B-93B60B0992EE}.Release|Mixed Platforms.Build.0 = Release|Any CPU
		{F3281193-F250-4E79-840B-93B60B0992EE}.Release|x64.ActiveCfg = Release|Any CPU
		{F3281193-F250-4E79-840B-93B60B0992EE}.Release|x64.Build.0 = Release|Any CPU
		{F3281193-F250-4E79-840B-93B60B0992EE}.Release|x86.ActiveCfg = Release|Any CPU
		{F3281193-F250-4E79-840B-93B60B0992EE}.Release|x86.Build.0 = Release|Any CPU
		{F3281193-F250-4E79-840B-93B60B0992EE}.Test|Any CPU.ActiveCfg = Release|Any CPU
		{F3281193-F250-4E79-840B-93B60B0992EE}.Test|Any CPU.Build.0 = Release|Any CPU
		{F3281193-F250-4E79-840B-93B60B0992EE}.Test|Mixed Platforms.ActiveCfg = Release|Any CPU
		{F3281193-F250-4E79-840B-93B60B0992EE}.Test|Mixed Platforms.Build.0 = Release|Any CPU
		{F3281193-F250-4E79-840B-93B60B0992EE}.Test|x64.ActiveCfg = Release|Any CPU
		{F3281193-F250-4E79-840B-93B60B0992EE}.Test|x64.Build.0 = Release|Any CPU
		{F3281193-F250-4E79-840B-93B60B0992EE}.Test|x86.ActiveCfg = Release|Any CPU
		{F3281193-F250-4E79-840B-93B60B0992EE}.Test|x86.Build.0 = Release|Any CPU
		{A1A80CB2-5381-451D-9F66-5AC3AA4823CD}.Debug|Any CPU.ActiveCfg = Debug|Any CPU
		{A1A80CB2-5381-451D-9F66-5AC3AA4823CD}.Debug|Any CPU.Build.0 = Debug|Any CPU
		{A1A80CB2-5381-451D-9F66-5AC3AA4823CD}.Debug|Mixed Platforms.ActiveCfg = Debug|Any CPU
		{A1A80CB2-5381-451D-9F66-5AC3AA4823CD}.Debug|Mixed Platforms.Build.0 = Debug|Any CPU
		{A1A80CB2-5381-451D-9F66-5AC3AA4823CD}.Debug|x64.ActiveCfg = Debug|Any CPU
		{A1A80CB2-5381-451D-9F66-5AC3AA4823CD}.Debug|x64.Build.0 = Debug|Any CPU
		{A1A80CB2-5381-451D-9F66-5AC3AA4823CD}.Debug|x86.ActiveCfg = Debug|Any CPU
		{A1A80CB2-5381-451D-9F66-5AC3AA4823CD}.Debug|x86.Build.0 = Debug|Any CPU
		{A1A80CB2-5381-451D-9F66-5AC3AA4823CD}.EmailValidator|Any CPU.ActiveCfg = Release|Any CPU
		{A1A80CB2-5381-451D-9F66-5AC3AA4823CD}.EmailValidator|Any CPU.Build.0 = Release|Any CPU
		{A1A80CB2-5381-451D-9F66-5AC3AA4823CD}.EmailValidator|Mixed Platforms.ActiveCfg = Release|Any CPU
		{A1A80CB2-5381-451D-9F66-5AC3AA4823CD}.EmailValidator|Mixed Platforms.Build.0 = Release|Any CPU
		{A1A80CB2-5381-451D-9F66-5AC3AA4823CD}.EmailValidator|x64.ActiveCfg = Release|Any CPU
		{A1A80CB2-5381-451D-9F66-5AC3AA4823CD}.EmailValidator|x64.Build.0 = Release|Any CPU
		{A1A80CB2-5381-451D-9F66-5AC3AA4823CD}.EmailValidator|x86.ActiveCfg = Release|Any CPU
		{A1A80CB2-5381-451D-9F66-5AC3AA4823CD}.EmailValidator|x86.Build.0 = Release|Any CPU
		{A1A80CB2-5381-451D-9F66-5AC3AA4823CD}.Publish|Any CPU.ActiveCfg = Release|Any CPU
		{A1A80CB2-5381-451D-9F66-5AC3AA4823CD}.Publish|Any CPU.Build.0 = Release|Any CPU
		{A1A80CB2-5381-451D-9F66-5AC3AA4823CD}.Publish|Mixed Platforms.ActiveCfg = Release|Any CPU
		{A1A80CB2-5381-451D-9F66-5AC3AA4823CD}.Publish|Mixed Platforms.Build.0 = Release|Any CPU
		{A1A80CB2-5381-451D-9F66-5AC3AA4823CD}.Publish|x64.ActiveCfg = Release|Any CPU
		{A1A80CB2-5381-451D-9F66-5AC3AA4823CD}.Publish|x64.Build.0 = Release|Any CPU
		{A1A80CB2-5381-451D-9F66-5AC3AA4823CD}.Publish|x86.ActiveCfg = Release|Any CPU
		{A1A80CB2-5381-451D-9F66-5AC3AA4823CD}.Publish|x86.Build.0 = Release|Any CPU
		{A1A80CB2-5381-451D-9F66-5AC3AA4823CD}.RedeemGiftTest|Any CPU.ActiveCfg = Release|Any CPU
		{A1A80CB2-5381-451D-9F66-5AC3AA4823CD}.RedeemGiftTest|Any CPU.Build.0 = Release|Any CPU
		{A1A80CB2-5381-451D-9F66-5AC3AA4823CD}.RedeemGiftTest|Mixed Platforms.ActiveCfg = Release|Any CPU
		{A1A80CB2-5381-451D-9F66-5AC3AA4823CD}.RedeemGiftTest|Mixed Platforms.Build.0 = Release|Any CPU
		{A1A80CB2-5381-451D-9F66-5AC3AA4823CD}.RedeemGiftTest|x64.ActiveCfg = Release|Any CPU
		{A1A80CB2-5381-451D-9F66-5AC3AA4823CD}.RedeemGiftTest|x64.Build.0 = Release|Any CPU
		{A1A80CB2-5381-451D-9F66-5AC3AA4823CD}.RedeemGiftTest|x86.ActiveCfg = Release|Any CPU
		{A1A80CB2-5381-451D-9F66-5AC3AA4823CD}.RedeemGiftTest|x86.Build.0 = Release|Any CPU
		{A1A80CB2-5381-451D-9F66-5AC3AA4823CD}.Release|Any CPU.ActiveCfg = Release|Any CPU
		{A1A80CB2-5381-451D-9F66-5AC3AA4823CD}.Release|Any CPU.Build.0 = Release|Any CPU
		{A1A80CB2-5381-451D-9F66-5AC3AA4823CD}.Release|Mixed Platforms.ActiveCfg = Release|Any CPU
		{A1A80CB2-5381-451D-9F66-5AC3AA4823CD}.Release|Mixed Platforms.Build.0 = Release|Any CPU
		{A1A80CB2-5381-451D-9F66-5AC3AA4823CD}.Release|x64.ActiveCfg = Release|Any CPU
		{A1A80CB2-5381-451D-9F66-5AC3AA4823CD}.Release|x64.Build.0 = Release|Any CPU
		{A1A80CB2-5381-451D-9F66-5AC3AA4823CD}.Release|x86.ActiveCfg = Release|Any CPU
		{A1A80CB2-5381-451D-9F66-5AC3AA4823CD}.Release|x86.Build.0 = Release|Any CPU
		{A1A80CB2-5381-451D-9F66-5AC3AA4823CD}.Test|Any CPU.ActiveCfg = Release|Any CPU
		{A1A80CB2-5381-451D-9F66-5AC3AA4823CD}.Test|Any CPU.Build.0 = Release|Any CPU
		{A1A80CB2-5381-451D-9F66-5AC3AA4823CD}.Test|Mixed Platforms.ActiveCfg = Release|Any CPU
		{A1A80CB2-5381-451D-9F66-5AC3AA4823CD}.Test|Mixed Platforms.Build.0 = Release|Any CPU
		{A1A80CB2-5381-451D-9F66-5AC3AA4823CD}.Test|x64.ActiveCfg = Release|Any CPU
		{A1A80CB2-5381-451D-9F66-5AC3AA4823CD}.Test|x64.Build.0 = Release|Any CPU
		{A1A80CB2-5381-451D-9F66-5AC3AA4823CD}.Test|x86.ActiveCfg = Release|Any CPU
		{A1A80CB2-5381-451D-9F66-5AC3AA4823CD}.Test|x86.Build.0 = Release|Any CPU
		{16801D1A-02F5-4B96-A769-C2D9F724C24D}.Debug|Any CPU.ActiveCfg = Debug|Any CPU
		{16801D1A-02F5-4B96-A769-C2D9F724C24D}.Debug|Any CPU.Build.0 = Debug|Any CPU
		{16801D1A-02F5-4B96-A769-C2D9F724C24D}.Debug|Mixed Platforms.ActiveCfg = Debug|Any CPU
		{16801D1A-02F5-4B96-A769-C2D9F724C24D}.Debug|Mixed Platforms.Build.0 = Debug|Any CPU
		{16801D1A-02F5-4B96-A769-C2D9F724C24D}.Debug|x64.ActiveCfg = Debug|Any CPU
		{16801D1A-02F5-4B96-A769-C2D9F724C24D}.Debug|x64.Build.0 = Debug|Any CPU
		{16801D1A-02F5-4B96-A769-C2D9F724C24D}.Debug|x86.ActiveCfg = Debug|Any CPU
		{16801D1A-02F5-4B96-A769-C2D9F724C24D}.Debug|x86.Build.0 = Debug|Any CPU
		{16801D1A-02F5-4B96-A769-C2D9F724C24D}.EmailValidator|Any CPU.ActiveCfg = Debug|Any CPU
		{16801D1A-02F5-4B96-A769-C2D9F724C24D}.EmailValidator|Any CPU.Build.0 = Debug|Any CPU
		{16801D1A-02F5-4B96-A769-C2D9F724C24D}.EmailValidator|Mixed Platforms.ActiveCfg = Debug|Any CPU
		{16801D1A-02F5-4B96-A769-C2D9F724C24D}.EmailValidator|Mixed Platforms.Build.0 = Debug|Any CPU
		{16801D1A-02F5-4B96-A769-C2D9F724C24D}.EmailValidator|x64.ActiveCfg = Debug|Any CPU
		{16801D1A-02F5-4B96-A769-C2D9F724C24D}.EmailValidator|x64.Build.0 = Debug|Any CPU
		{16801D1A-02F5-4B96-A769-C2D9F724C24D}.EmailValidator|x86.ActiveCfg = Debug|Any CPU
		{16801D1A-02F5-4B96-A769-C2D9F724C24D}.EmailValidator|x86.Build.0 = Debug|Any CPU
		{16801D1A-02F5-4B96-A769-C2D9F724C24D}.Publish|Any CPU.ActiveCfg = Debug|Any CPU
		{16801D1A-02F5-4B96-A769-C2D9F724C24D}.Publish|Any CPU.Build.0 = Debug|Any CPU
		{16801D1A-02F5-4B96-A769-C2D9F724C24D}.Publish|Mixed Platforms.ActiveCfg = Debug|Any CPU
		{16801D1A-02F5-4B96-A769-C2D9F724C24D}.Publish|Mixed Platforms.Build.0 = Debug|Any CPU
		{16801D1A-02F5-4B96-A769-C2D9F724C24D}.Publish|x64.ActiveCfg = Debug|Any CPU
		{16801D1A-02F5-4B96-A769-C2D9F724C24D}.Publish|x64.Build.0 = Debug|Any CPU
		{16801D1A-02F5-4B96-A769-C2D9F724C24D}.Publish|x86.ActiveCfg = Debug|Any CPU
		{16801D1A-02F5-4B96-A769-C2D9F724C24D}.Publish|x86.Build.0 = Debug|Any CPU
		{16801D1A-02F5-4B96-A769-C2D9F724C24D}.RedeemGiftTest|Any CPU.ActiveCfg = Debug|Any CPU
		{16801D1A-02F5-4B96-A769-C2D9F724C24D}.RedeemGiftTest|Any CPU.Build.0 = Debug|Any CPU
		{16801D1A-02F5-4B96-A769-C2D9F724C24D}.RedeemGiftTest|Mixed Platforms.ActiveCfg = Debug|Any CPU
		{16801D1A-02F5-4B96-A769-C2D9F724C24D}.RedeemGiftTest|Mixed Platforms.Build.0 = Debug|Any CPU
		{16801D1A-02F5-4B96-A769-C2D9F724C24D}.RedeemGiftTest|x64.ActiveCfg = Debug|Any CPU
		{16801D1A-02F5-4B96-A769-C2D9F724C24D}.RedeemGiftTest|x64.Build.0 = Debug|Any CPU
		{16801D1A-02F5-4B96-A769-C2D9F724C24D}.RedeemGiftTest|x86.ActiveCfg = Debug|Any CPU
		{16801D1A-02F5-4B96-A769-C2D9F724C24D}.RedeemGiftTest|x86.Build.0 = Debug|Any CPU
		{16801D1A-02F5-4B96-A769-C2D9F724C24D}.Release|Any CPU.ActiveCfg = Debug|Any CPU
		{16801D1A-02F5-4B96-A769-C2D9F724C24D}.Release|Any CPU.Build.0 = Debug|Any CPU
		{16801D1A-02F5-4B96-A769-C2D9F724C24D}.Release|Mixed Platforms.ActiveCfg = Debug|Any CPU
		{16801D1A-02F5-4B96-A769-C2D9F724C24D}.Release|Mixed Platforms.Build.0 = Debug|Any CPU
		{16801D1A-02F5-4B96-A769-C2D9F724C24D}.Release|x64.ActiveCfg = Debug|Any CPU
		{16801D1A-02F5-4B96-A769-C2D9F724C24D}.Release|x64.Build.0 = Debug|Any CPU
		{16801D1A-02F5-4B96-A769-C2D9F724C24D}.Release|x86.ActiveCfg = Debug|Any CPU
		{16801D1A-02F5-4B96-A769-C2D9F724C24D}.Release|x86.Build.0 = Debug|Any CPU
		{16801D1A-02F5-4B96-A769-C2D9F724C24D}.Test|Any CPU.ActiveCfg = Debug|Any CPU
		{16801D1A-02F5-4B96-A769-C2D9F724C24D}.Test|Any CPU.Build.0 = Debug|Any CPU
		{16801D1A-02F5-4B96-A769-C2D9F724C24D}.Test|Mixed Platforms.ActiveCfg = Debug|Any CPU
		{16801D1A-02F5-4B96-A769-C2D9F724C24D}.Test|Mixed Platforms.Build.0 = Debug|Any CPU
		{16801D1A-02F5-4B96-A769-C2D9F724C24D}.Test|x64.ActiveCfg = Debug|Any CPU
		{16801D1A-02F5-4B96-A769-C2D9F724C24D}.Test|x64.Build.0 = Debug|Any CPU
		{16801D1A-02F5-4B96-A769-C2D9F724C24D}.Test|x86.ActiveCfg = Debug|Any CPU
		{16801D1A-02F5-4B96-A769-C2D9F724C24D}.Test|x86.Build.0 = Debug|Any CPU
		{EB13C39A-CCE8-41CB-B9B2-83A10152B174}.Debug|Any CPU.ActiveCfg = Debug|Any CPU
		{EB13C39A-CCE8-41CB-B9B2-83A10152B174}.Debug|Any CPU.Build.0 = Debug|Any CPU
		{EB13C39A-CCE8-41CB-B9B2-83A10152B174}.Debug|Mixed Platforms.ActiveCfg = Debug|Any CPU
		{EB13C39A-CCE8-41CB-B9B2-83A10152B174}.Debug|Mixed Platforms.Build.0 = Debug|Any CPU
		{EB13C39A-CCE8-41CB-B9B2-83A10152B174}.Debug|x64.ActiveCfg = Debug|Any CPU
		{EB13C39A-CCE8-41CB-B9B2-83A10152B174}.Debug|x64.Build.0 = Debug|Any CPU
		{EB13C39A-CCE8-41CB-B9B2-83A10152B174}.Debug|x86.ActiveCfg = Debug|Any CPU
		{EB13C39A-CCE8-41CB-B9B2-83A10152B174}.Debug|x86.Build.0 = Debug|Any CPU
		{EB13C39A-CCE8-41CB-B9B2-83A10152B174}.EmailValidator|Any CPU.ActiveCfg = Debug|Any CPU
		{EB13C39A-CCE8-41CB-B9B2-83A10152B174}.EmailValidator|Any CPU.Build.0 = Debug|Any CPU
		{EB13C39A-CCE8-41CB-B9B2-83A10152B174}.EmailValidator|Mixed Platforms.ActiveCfg = Debug|Any CPU
		{EB13C39A-CCE8-41CB-B9B2-83A10152B174}.EmailValidator|Mixed Platforms.Build.0 = Debug|Any CPU
		{EB13C39A-CCE8-41CB-B9B2-83A10152B174}.EmailValidator|x64.ActiveCfg = Debug|Any CPU
		{EB13C39A-CCE8-41CB-B9B2-83A10152B174}.EmailValidator|x64.Build.0 = Debug|Any CPU
		{EB13C39A-CCE8-41CB-B9B2-83A10152B174}.EmailValidator|x86.ActiveCfg = Debug|Any CPU
		{EB13C39A-CCE8-41CB-B9B2-83A10152B174}.EmailValidator|x86.Build.0 = Debug|Any CPU
		{EB13C39A-CCE8-41CB-B9B2-83A10152B174}.Publish|Any CPU.ActiveCfg = Debug|Any CPU
		{EB13C39A-CCE8-41CB-B9B2-83A10152B174}.Publish|Any CPU.Build.0 = Debug|Any CPU
		{EB13C39A-CCE8-41CB-B9B2-83A10152B174}.Publish|Mixed Platforms.ActiveCfg = Debug|Any CPU
		{EB13C39A-CCE8-41CB-B9B2-83A10152B174}.Publish|Mixed Platforms.Build.0 = Debug|Any CPU
		{EB13C39A-CCE8-41CB-B9B2-83A10152B174}.Publish|x64.ActiveCfg = Debug|Any CPU
		{EB13C39A-CCE8-41CB-B9B2-83A10152B174}.Publish|x64.Build.0 = Debug|Any CPU
		{EB13C39A-CCE8-41CB-B9B2-83A10152B174}.Publish|x86.ActiveCfg = Debug|Any CPU
		{EB13C39A-CCE8-41CB-B9B2-83A10152B174}.Publish|x86.Build.0 = Debug|Any CPU
		{EB13C39A-CCE8-41CB-B9B2-83A10152B174}.RedeemGiftTest|Any CPU.ActiveCfg = Debug|Any CPU
		{EB13C39A-CCE8-41CB-B9B2-83A10152B174}.RedeemGiftTest|Any CPU.Build.0 = Debug|Any CPU
		{EB13C39A-CCE8-41CB-B9B2-83A10152B174}.RedeemGiftTest|Mixed Platforms.ActiveCfg = Debug|Any CPU
		{EB13C39A-CCE8-41CB-B9B2-83A10152B174}.RedeemGiftTest|Mixed Platforms.Build.0 = Debug|Any CPU
		{EB13C39A-CCE8-41CB-B9B2-83A10152B174}.RedeemGiftTest|x64.ActiveCfg = Debug|Any CPU
		{EB13C39A-CCE8-41CB-B9B2-83A10152B174}.RedeemGiftTest|x64.Build.0 = Debug|Any CPU
		{EB13C39A-CCE8-41CB-B9B2-83A10152B174}.RedeemGiftTest|x86.ActiveCfg = Debug|Any CPU
		{EB13C39A-CCE8-41CB-B9B2-83A10152B174}.RedeemGiftTest|x86.Build.0 = Debug|Any CPU
		{EB13C39A-CCE8-41CB-B9B2-83A10152B174}.Release|Any CPU.ActiveCfg = Debug|Any CPU
		{EB13C39A-CCE8-41CB-B9B2-83A10152B174}.Release|Any CPU.Build.0 = Debug|Any CPU
		{EB13C39A-CCE8-41CB-B9B2-83A10152B174}.Release|Mixed Platforms.ActiveCfg = Debug|Any CPU
		{EB13C39A-CCE8-41CB-B9B2-83A10152B174}.Release|Mixed Platforms.Build.0 = Debug|Any CPU
		{EB13C39A-CCE8-41CB-B9B2-83A10152B174}.Release|x64.ActiveCfg = Debug|Any CPU
		{EB13C39A-CCE8-41CB-B9B2-83A10152B174}.Release|x64.Build.0 = Debug|Any CPU
		{EB13C39A-CCE8-41CB-B9B2-83A10152B174}.Release|x86.ActiveCfg = Debug|Any CPU
		{EB13C39A-CCE8-41CB-B9B2-83A10152B174}.Release|x86.Build.0 = Debug|Any CPU
		{EB13C39A-CCE8-41CB-B9B2-83A10152B174}.Test|Any CPU.ActiveCfg = Debug|Any CPU
		{EB13C39A-CCE8-41CB-B9B2-83A10152B174}.Test|Any CPU.Build.0 = Debug|Any CPU
		{EB13C39A-CCE8-41CB-B9B2-83A10152B174}.Test|Mixed Platforms.ActiveCfg = Debug|Any CPU
		{EB13C39A-CCE8-41CB-B9B2-83A10152B174}.Test|Mixed Platforms.Build.0 = Debug|Any CPU
		{EB13C39A-CCE8-41CB-B9B2-83A10152B174}.Test|x64.ActiveCfg = Debug|Any CPU
		{EB13C39A-CCE8-41CB-B9B2-83A10152B174}.Test|x64.Build.0 = Debug|Any CPU
		{EB13C39A-CCE8-41CB-B9B2-83A10152B174}.Test|x86.ActiveCfg = Debug|Any CPU
		{EB13C39A-CCE8-41CB-B9B2-83A10152B174}.Test|x86.Build.0 = Debug|Any CPU
		{AF57CAEB-33F1-4C91-820E-B576C868352E}.Debug|Any CPU.ActiveCfg = Debug|Any CPU
		{AF57CAEB-33F1-4C91-820E-B576C868352E}.Debug|Any CPU.Build.0 = Debug|Any CPU
		{AF57CAEB-33F1-4C91-820E-B576C868352E}.Debug|Mixed Platforms.ActiveCfg = Debug|Any CPU
		{AF57CAEB-33F1-4C91-820E-B576C868352E}.Debug|Mixed Platforms.Build.0 = Debug|Any CPU
		{AF57CAEB-33F1-4C91-820E-B576C868352E}.Debug|x64.ActiveCfg = Debug|Any CPU
		{AF57CAEB-33F1-4C91-820E-B576C868352E}.Debug|x64.Build.0 = Debug|Any CPU
		{AF57CAEB-33F1-4C91-820E-B576C868352E}.Debug|x86.ActiveCfg = Debug|Any CPU
		{AF57CAEB-33F1-4C91-820E-B576C868352E}.Debug|x86.Build.0 = Debug|Any CPU
		{AF57CAEB-33F1-4C91-820E-B576C868352E}.EmailValidator|Any CPU.ActiveCfg = Debug|Any CPU
		{AF57CAEB-33F1-4C91-820E-B576C868352E}.EmailValidator|Any CPU.Build.0 = Debug|Any CPU
		{AF57CAEB-33F1-4C91-820E-B576C868352E}.EmailValidator|Mixed Platforms.ActiveCfg = Debug|Any CPU
		{AF57CAEB-33F1-4C91-820E-B576C868352E}.EmailValidator|Mixed Platforms.Build.0 = Debug|Any CPU
		{AF57CAEB-33F1-4C91-820E-B576C868352E}.EmailValidator|x64.ActiveCfg = Debug|Any CPU
		{AF57CAEB-33F1-4C91-820E-B576C868352E}.EmailValidator|x64.Build.0 = Debug|Any CPU
		{AF57CAEB-33F1-4C91-820E-B576C868352E}.EmailValidator|x86.ActiveCfg = Debug|Any CPU
		{AF57CAEB-33F1-4C91-820E-B576C868352E}.EmailValidator|x86.Build.0 = Debug|Any CPU
		{AF57CAEB-33F1-4C91-820E-B576C868352E}.Publish|Any CPU.ActiveCfg = Debug|Any CPU
		{AF57CAEB-33F1-4C91-820E-B576C868352E}.Publish|Any CPU.Build.0 = Debug|Any CPU
		{AF57CAEB-33F1-4C91-820E-B576C868352E}.Publish|Mixed Platforms.ActiveCfg = Debug|Any CPU
		{AF57CAEB-33F1-4C91-820E-B576C868352E}.Publish|Mixed Platforms.Build.0 = Debug|Any CPU
		{AF57CAEB-33F1-4C91-820E-B576C868352E}.Publish|x64.ActiveCfg = Debug|Any CPU
		{AF57CAEB-33F1-4C91-820E-B576C868352E}.Publish|x64.Build.0 = Debug|Any CPU
		{AF57CAEB-33F1-4C91-820E-B576C868352E}.Publish|x86.ActiveCfg = Debug|Any CPU
		{AF57CAEB-33F1-4C91-820E-B576C868352E}.Publish|x86.Build.0 = Debug|Any CPU
		{AF57CAEB-33F1-4C91-820E-B576C868352E}.RedeemGiftTest|Any CPU.ActiveCfg = Debug|Any CPU
		{AF57CAEB-33F1-4C91-820E-B576C868352E}.RedeemGiftTest|Any CPU.Build.0 = Debug|Any CPU
		{AF57CAEB-33F1-4C91-820E-B576C868352E}.RedeemGiftTest|Mixed Platforms.ActiveCfg = Debug|Any CPU
		{AF57CAEB-33F1-4C91-820E-B576C868352E}.RedeemGiftTest|Mixed Platforms.Build.0 = Debug|Any CPU
		{AF57CAEB-33F1-4C91-820E-B576C868352E}.RedeemGiftTest|x64.ActiveCfg = Debug|Any CPU
		{AF57CAEB-33F1-4C91-820E-B576C868352E}.RedeemGiftTest|x64.Build.0 = Debug|Any CPU
		{AF57CAEB-33F1-4C91-820E-B576C868352E}.RedeemGiftTest|x86.ActiveCfg = Debug|Any CPU
		{AF57CAEB-33F1-4C91-820E-B576C868352E}.RedeemGiftTest|x86.Build.0 = Debug|Any CPU
		{AF57CAEB-33F1-4C91-820E-B576C868352E}.Release|Any CPU.ActiveCfg = Debug|Any CPU
		{AF57CAEB-33F1-4C91-820E-B576C868352E}.Release|Any CPU.Build.0 = Debug|Any CPU
		{AF57CAEB-33F1-4C91-820E-B576C868352E}.Release|Mixed Platforms.ActiveCfg = Debug|Any CPU
		{AF57CAEB-33F1-4C91-820E-B576C868352E}.Release|Mixed Platforms.Build.0 = Debug|Any CPU
		{AF57CAEB-33F1-4C91-820E-B576C868352E}.Release|x64.ActiveCfg = Debug|Any CPU
		{AF57CAEB-33F1-4C91-820E-B576C868352E}.Release|x64.Build.0 = Debug|Any CPU
		{AF57CAEB-33F1-4C91-820E-B576C868352E}.Release|x86.ActiveCfg = Debug|Any CPU
		{AF57CAEB-33F1-4C91-820E-B576C868352E}.Release|x86.Build.0 = Debug|Any CPU
		{AF57CAEB-33F1-4C91-820E-B576C868352E}.Test|Any CPU.ActiveCfg = Debug|Any CPU
		{AF57CAEB-33F1-4C91-820E-B576C868352E}.Test|Any CPU.Build.0 = Debug|Any CPU
		{AF57CAEB-33F1-4C91-820E-B576C868352E}.Test|Mixed Platforms.ActiveCfg = Debug|Any CPU
		{AF57CAEB-33F1-4C91-820E-B576C868352E}.Test|Mixed Platforms.Build.0 = Debug|Any CPU
		{AF57CAEB-33F1-4C91-820E-B576C868352E}.Test|x64.ActiveCfg = Debug|Any CPU
		{AF57CAEB-33F1-4C91-820E-B576C868352E}.Test|x64.Build.0 = Debug|Any CPU
		{AF57CAEB-33F1-4C91-820E-B576C868352E}.Test|x86.ActiveCfg = Debug|Any CPU
		{AF57CAEB-33F1-4C91-820E-B576C868352E}.Test|x86.Build.0 = Debug|Any CPU
		{D37779CB-BE3C-4BB9-AD26-FF532301DAC3}.Debug|Any CPU.ActiveCfg = Debug|Any CPU
		{D37779CB-BE3C-4BB9-AD26-FF532301DAC3}.Debug|Any CPU.Build.0 = Debug|Any CPU
		{D37779CB-BE3C-4BB9-AD26-FF532301DAC3}.Debug|Mixed Platforms.ActiveCfg = Debug|Any CPU
		{D37779CB-BE3C-4BB9-AD26-FF532301DAC3}.Debug|Mixed Platforms.Build.0 = Debug|Any CPU
		{D37779CB-BE3C-4BB9-AD26-FF532301DAC3}.Debug|x64.ActiveCfg = Debug|Any CPU
		{D37779CB-BE3C-4BB9-AD26-FF532301DAC3}.Debug|x64.Build.0 = Debug|Any CPU
		{D37779CB-BE3C-4BB9-AD26-FF532301DAC3}.Debug|x86.ActiveCfg = Debug|Any CPU
		{D37779CB-BE3C-4BB9-AD26-FF532301DAC3}.Debug|x86.Build.0 = Debug|Any CPU
		{D37779CB-BE3C-4BB9-AD26-FF532301DAC3}.EmailValidator|Any CPU.ActiveCfg = Debug|Any CPU
		{D37779CB-BE3C-4BB9-AD26-FF532301DAC3}.EmailValidator|Any CPU.Build.0 = Debug|Any CPU
		{D37779CB-BE3C-4BB9-AD26-FF532301DAC3}.EmailValidator|Mixed Platforms.ActiveCfg = Debug|Any CPU
		{D37779CB-BE3C-4BB9-AD26-FF532301DAC3}.EmailValidator|Mixed Platforms.Build.0 = Debug|Any CPU
		{D37779CB-BE3C-4BB9-AD26-FF532301DAC3}.EmailValidator|x64.ActiveCfg = Debug|Any CPU
		{D37779CB-BE3C-4BB9-AD26-FF532301DAC3}.EmailValidator|x64.Build.0 = Debug|Any CPU
		{D37779CB-BE3C-4BB9-AD26-FF532301DAC3}.EmailValidator|x86.ActiveCfg = Debug|Any CPU
		{D37779CB-BE3C-4BB9-AD26-FF532301DAC3}.EmailValidator|x86.Build.0 = Debug|Any CPU
		{D37779CB-BE3C-4BB9-AD26-FF532301DAC3}.Publish|Any CPU.ActiveCfg = Debug|Any CPU
		{D37779CB-BE3C-4BB9-AD26-FF532301DAC3}.Publish|Any CPU.Build.0 = Debug|Any CPU
		{D37779CB-BE3C-4BB9-AD26-FF532301DAC3}.Publish|Mixed Platforms.ActiveCfg = Debug|Any CPU
		{D37779CB-BE3C-4BB9-AD26-FF532301DAC3}.Publish|Mixed Platforms.Build.0 = Debug|Any CPU
		{D37779CB-BE3C-4BB9-AD26-FF532301DAC3}.Publish|x64.ActiveCfg = Debug|Any CPU
		{D37779CB-BE3C-4BB9-AD26-FF532301DAC3}.Publish|x64.Build.0 = Debug|Any CPU
		{D37779CB-BE3C-4BB9-AD26-FF532301DAC3}.Publish|x86.ActiveCfg = Debug|Any CPU
		{D37779CB-BE3C-4BB9-AD26-FF532301DAC3}.Publish|x86.Build.0 = Debug|Any CPU
		{D37779CB-BE3C-4BB9-AD26-FF532301DAC3}.RedeemGiftTest|Any CPU.ActiveCfg = Debug|Any CPU
		{D37779CB-BE3C-4BB9-AD26-FF532301DAC3}.RedeemGiftTest|Any CPU.Build.0 = Debug|Any CPU
		{D37779CB-BE3C-4BB9-AD26-FF532301DAC3}.RedeemGiftTest|Mixed Platforms.ActiveCfg = Debug|Any CPU
		{D37779CB-BE3C-4BB9-AD26-FF532301DAC3}.RedeemGiftTest|Mixed Platforms.Build.0 = Debug|Any CPU
		{D37779CB-BE3C-4BB9-AD26-FF532301DAC3}.RedeemGiftTest|x64.ActiveCfg = Debug|Any CPU
		{D37779CB-BE3C-4BB9-AD26-FF532301DAC3}.RedeemGiftTest|x64.Build.0 = Debug|Any CPU
		{D37779CB-BE3C-4BB9-AD26-FF532301DAC3}.RedeemGiftTest|x86.ActiveCfg = Debug|Any CPU
		{D37779CB-BE3C-4BB9-AD26-FF532301DAC3}.RedeemGiftTest|x86.Build.0 = Debug|Any CPU
		{D37779CB-BE3C-4BB9-AD26-FF532301DAC3}.Release|Any CPU.ActiveCfg = Debug|Any CPU
		{D37779CB-BE3C-4BB9-AD26-FF532301DAC3}.Release|Any CPU.Build.0 = Debug|Any CPU
		{D37779CB-BE3C-4BB9-AD26-FF532301DAC3}.Release|Mixed Platforms.ActiveCfg = Debug|Any CPU
		{D37779CB-BE3C-4BB9-AD26-FF532301DAC3}.Release|Mixed Platforms.Build.0 = Debug|Any CPU
		{D37779CB-BE3C-4BB9-AD26-FF532301DAC3}.Release|x64.ActiveCfg = Debug|Any CPU
		{D37779CB-BE3C-4BB9-AD26-FF532301DAC3}.Release|x64.Build.0 = Debug|Any CPU
		{D37779CB-BE3C-4BB9-AD26-FF532301DAC3}.Release|x86.ActiveCfg = Debug|Any CPU
		{D37779CB-BE3C-4BB9-AD26-FF532301DAC3}.Release|x86.Build.0 = Debug|Any CPU
		{D37779CB-BE3C-4BB9-AD26-FF532301DAC3}.Test|Any CPU.ActiveCfg = Debug|Any CPU
		{D37779CB-BE3C-4BB9-AD26-FF532301DAC3}.Test|Any CPU.Build.0 = Debug|Any CPU
		{D37779CB-BE3C-4BB9-AD26-FF532301DAC3}.Test|Mixed Platforms.ActiveCfg = Debug|Any CPU
		{D37779CB-BE3C-4BB9-AD26-FF532301DAC3}.Test|Mixed Platforms.Build.0 = Debug|Any CPU
		{D37779CB-BE3C-4BB9-AD26-FF532301DAC3}.Test|x64.ActiveCfg = Debug|Any CPU
		{D37779CB-BE3C-4BB9-AD26-FF532301DAC3}.Test|x64.Build.0 = Debug|Any CPU
		{D37779CB-BE3C-4BB9-AD26-FF532301DAC3}.Test|x86.ActiveCfg = Debug|Any CPU
		{D37779CB-BE3C-4BB9-AD26-FF532301DAC3}.Test|x86.Build.0 = Debug|Any CPU
		{B1399E23-38DB-4E14-9668-5D67E9A51D0D}.Debug|Any CPU.ActiveCfg = Debug|Any CPU
		{B1399E23-38DB-4E14-9668-5D67E9A51D0D}.Debug|Any CPU.Build.0 = Debug|Any CPU
		{B1399E23-38DB-4E14-9668-5D67E9A51D0D}.Debug|Mixed Platforms.ActiveCfg = Debug|Any CPU
		{B1399E23-38DB-4E14-9668-5D67E9A51D0D}.Debug|Mixed Platforms.Build.0 = Debug|Any CPU
		{B1399E23-38DB-4E14-9668-5D67E9A51D0D}.Debug|x64.ActiveCfg = Debug|Any CPU
		{B1399E23-38DB-4E14-9668-5D67E9A51D0D}.Debug|x64.Build.0 = Debug|Any CPU
		{B1399E23-38DB-4E14-9668-5D67E9A51D0D}.Debug|x86.ActiveCfg = Debug|Any CPU
		{B1399E23-38DB-4E14-9668-5D67E9A51D0D}.Debug|x86.Build.0 = Debug|Any CPU
		{B1399E23-38DB-4E14-9668-5D67E9A51D0D}.EmailValidator|Any CPU.ActiveCfg = Debug|Any CPU
		{B1399E23-38DB-4E14-9668-5D67E9A51D0D}.EmailValidator|Any CPU.Build.0 = Debug|Any CPU
		{B1399E23-38DB-4E14-9668-5D67E9A51D0D}.EmailValidator|Mixed Platforms.ActiveCfg = Debug|Any CPU
		{B1399E23-38DB-4E14-9668-5D67E9A51D0D}.EmailValidator|Mixed Platforms.Build.0 = Debug|Any CPU
		{B1399E23-38DB-4E14-9668-5D67E9A51D0D}.EmailValidator|x64.ActiveCfg = Debug|Any CPU
		{B1399E23-38DB-4E14-9668-5D67E9A51D0D}.EmailValidator|x64.Build.0 = Debug|Any CPU
		{B1399E23-38DB-4E14-9668-5D67E9A51D0D}.EmailValidator|x86.ActiveCfg = Debug|Any CPU
		{B1399E23-38DB-4E14-9668-5D67E9A51D0D}.EmailValidator|x86.Build.0 = Debug|Any CPU
		{B1399E23-38DB-4E14-9668-5D67E9A51D0D}.Publish|Any CPU.ActiveCfg = Debug|Any CPU
		{B1399E23-38DB-4E14-9668-5D67E9A51D0D}.Publish|Any CPU.Build.0 = Debug|Any CPU
		{B1399E23-38DB-4E14-9668-5D67E9A51D0D}.Publish|Mixed Platforms.ActiveCfg = Debug|Any CPU
		{B1399E23-38DB-4E14-9668-5D67E9A51D0D}.Publish|Mixed Platforms.Build.0 = Debug|Any CPU
		{B1399E23-38DB-4E14-9668-5D67E9A51D0D}.Publish|x64.ActiveCfg = Debug|Any CPU
		{B1399E23-38DB-4E14-9668-5D67E9A51D0D}.Publish|x64.Build.0 = Debug|Any CPU
		{B1399E23-38DB-4E14-9668-5D67E9A51D0D}.Publish|x86.ActiveCfg = Debug|Any CPU
		{B1399E23-38DB-4E14-9668-5D67E9A51D0D}.Publish|x86.Build.0 = Debug|Any CPU
		{B1399E23-38DB-4E14-9668-5D67E9A51D0D}.RedeemGiftTest|Any CPU.ActiveCfg = Debug|Any CPU
		{B1399E23-38DB-4E14-9668-5D67E9A51D0D}.RedeemGiftTest|Any CPU.Build.0 = Debug|Any CPU
		{B1399E23-38DB-4E14-9668-5D67E9A51D0D}.RedeemGiftTest|Mixed Platforms.ActiveCfg = Debug|Any CPU
		{B1399E23-38DB-4E14-9668-5D67E9A51D0D}.RedeemGiftTest|Mixed Platforms.Build.0 = Debug|Any CPU
		{B1399E23-38DB-4E14-9668-5D67E9A51D0D}.RedeemGiftTest|x64.ActiveCfg = Debug|Any CPU
		{B1399E23-38DB-4E14-9668-5D67E9A51D0D}.RedeemGiftTest|x64.Build.0 = Debug|Any CPU
		{B1399E23-38DB-4E14-9668-5D67E9A51D0D}.RedeemGiftTest|x86.ActiveCfg = Debug|Any CPU
		{B1399E23-38DB-4E14-9668-5D67E9A51D0D}.RedeemGiftTest|x86.Build.0 = Debug|Any CPU
		{B1399E23-38DB-4E14-9668-5D67E9A51D0D}.Release|Any CPU.ActiveCfg = Debug|Any CPU
		{B1399E23-38DB-4E14-9668-5D67E9A51D0D}.Release|Any CPU.Build.0 = Debug|Any CPU
		{B1399E23-38DB-4E14-9668-5D67E9A51D0D}.Release|Mixed Platforms.ActiveCfg = Debug|Any CPU
		{B1399E23-38DB-4E14-9668-5D67E9A51D0D}.Release|Mixed Platforms.Build.0 = Debug|Any CPU
		{B1399E23-38DB-4E14-9668-5D67E9A51D0D}.Release|x64.ActiveCfg = Debug|Any CPU
		{B1399E23-38DB-4E14-9668-5D67E9A51D0D}.Release|x64.Build.0 = Debug|Any CPU
		{B1399E23-38DB-4E14-9668-5D67E9A51D0D}.Release|x86.ActiveCfg = Debug|Any CPU
		{B1399E23-38DB-4E14-9668-5D67E9A51D0D}.Release|x86.Build.0 = Debug|Any CPU
		{B1399E23-38DB-4E14-9668-5D67E9A51D0D}.Test|Any CPU.ActiveCfg = Debug|Any CPU
		{B1399E23-38DB-4E14-9668-5D67E9A51D0D}.Test|Any CPU.Build.0 = Debug|Any CPU
		{B1399E23-38DB-4E14-9668-5D67E9A51D0D}.Test|Mixed Platforms.ActiveCfg = Debug|Any CPU
		{B1399E23-38DB-4E14-9668-5D67E9A51D0D}.Test|Mixed Platforms.Build.0 = Debug|Any CPU
		{B1399E23-38DB-4E14-9668-5D67E9A51D0D}.Test|x64.ActiveCfg = Debug|Any CPU
		{B1399E23-38DB-4E14-9668-5D67E9A51D0D}.Test|x64.Build.0 = Debug|Any CPU
		{B1399E23-38DB-4E14-9668-5D67E9A51D0D}.Test|x86.ActiveCfg = Debug|Any CPU
		{B1399E23-38DB-4E14-9668-5D67E9A51D0D}.Test|x86.Build.0 = Debug|Any CPU
	EndGlobalSection
	GlobalSection(SolutionProperties) = preSolution
		HideSolutionNode = FALSE
	EndGlobalSection
	GlobalSection(NestedProjects) = preSolution
		{2EAEF878-041B-4365-8CBF-0A7038B68468} = {C0D48C6B-3AB3-4921-8525-D6010FAF26BD}
		{DD3DCA24-67FF-4555-A803-5D14335822F6} = {862C16E9-DF5E-4AF1-B72B-DB9214C9B885}
		{3FBD08C9-75A9-4D8E-8F94-EB47FE2F70E2} = {E9CB29EC-FECB-4770-9113-8B4A8A0BC587}
		{1278E968-E9F9-4C55-86B3-3C7045DC0E88} = {862C16E9-DF5E-4AF1-B72B-DB9214C9B885}
		{508B7EC2-DAE8-4EF5-BD0F-13539B189367} = {862C16E9-DF5E-4AF1-B72B-DB9214C9B885}
		{B02AD5CF-B0CA-4123-AEF6-5D69B0EA7266} = {B8390689-26E6-46DE-9672-EAFADCD12B88}
		{1F735B03-E2C3-43EE-8D30-DFF41B037E26} = {862C16E9-DF5E-4AF1-B72B-DB9214C9B885}
		{5FE33A48-0BFA-40B7-A2D6-2999B9F00417} = {38308183-43B4-4353-981A-3BFECE982A7F}
		{F3281193-F250-4E79-840B-93B60B0992EE} = {B8390689-26E6-46DE-9672-EAFADCD12B88}
		{A1A80CB2-5381-451D-9F66-5AC3AA4823CD} = {5312F628-CA1D-4280-9C47-CCF101137464}
		{16801D1A-02F5-4B96-A769-C2D9F724C24D} = {911B2485-3979-4927-9797-0AAB91A2B47F}
		{EB13C39A-CCE8-41CB-B9B2-83A10152B174} = {911B2485-3979-4927-9797-0AAB91A2B47F}
		{AF57CAEB-33F1-4C91-820E-B576C868352E} = {911B2485-3979-4927-9797-0AAB91A2B47F}
		{D37779CB-BE3C-4BB9-AD26-FF532301DAC3} = {911B2485-3979-4927-9797-0AAB91A2B47F}
		{B1399E23-38DB-4E14-9668-5D67E9A51D0D} = {911B2485-3979-4927-9797-0AAB91A2B47F}
	EndGlobalSection
	GlobalSection(ExtensibilityGlobals) = postSolution
		VisualSVNWorkingCopyRoot = .
		EnterpriseLibraryConfigurationToolBinariesPath = packages\Unity.2.1.505.2\lib\NET35
	EndGlobalSection
	GlobalSection(TestCaseManagementSettings) = postSolution
		CategoryFile = KLS.vsmdi
	EndGlobalSection
EndGlobal
